// !$*UTF8*$!
{
	archiveVersion = 1;
	classes = {
	};
	objectVersion = 77;
	objects = {

/* Begin PBXBuildFile section */
		028D1B51EA464565B380385D /* MenuBarViewModel.swift in Sources */ = {isa = PBXBuildFile; fileRef = 9D717204F74BA58AC8D5C168 /* MenuBarViewModel.swift */; };
		0717D69490BE19F05FCF66E6 /* MenuBarActivityTests.swift in Sources */ = {isa = PBXBuildFile; fileRef = 30EC88C3C7486A906F4D35E7 /* MenuBarActivityTests.swift */; };
		0877BB8EA417A60F1F577800 /* SessionSidebarView.swift in Sources */ = {isa = PBXBuildFile; fileRef = 8EB4DA40B47A6CE46CC9797F /* SessionSidebarView.swift */; };
		08F925B0F2FCF5B7E66B746D /* ServerListView.swift in Sources */ = {isa = PBXBuildFile; fileRef = 36C86DE341C6B0EC9ED1F8BB /* ServerListView.swift */; };
		0BC726CB1515AC218BF04893 /* SelectAllOnBeginEditing.swift in Sources */ = {isa = PBXBuildFile; fileRef = F59B444752D6EB38F5BEE432 /* SelectAllOnBeginEditing.swift */; };
		0C5F93F50E30A58EF58F5E5F /* SessionCoordinator.swift in Sources */ = {isa = PBXBuildFile; fileRef = B2BA4095B6DFC9164DB8C74D /* SessionCoordinator.swift */; };
		0D5C609EB39AC81E2A65632B /* QRCodeSheet.swift in Sources */ = {isa = PBXBuildFile; fileRef = F3D21FADD27700A6E040337F /* QRCodeSheet.swift */; };
		0DDD25DF810479BC88176F81 /* ClaudeRelayClient in Frameworks */ = {isa = PBXBuildFile; productRef = 1306E716950146DD761EE8DC /* ClaudeRelayClient */; };
		14879492694E389CB21E84A9 /* AppSettings.swift in Sources */ = {isa = PBXBuildFile; fileRef = DECD505C04D50E2D42420381 /* AppSettings.swift */; };
		160B187EE7D20A9CD01192BC /* KeyCaptureView.swift in Sources */ = {isa = PBXBuildFile; fileRef = CA74FC6F11B3B0786A977C8C /* KeyCaptureView.swift */; };
		1B1622962D01C4FA694625F2 /* AppSettingsBedrockTests.swift in Sources */ = {isa = PBXBuildFile; fileRef = AD4048D36660C870B9573724 /* AppSettingsBedrockTests.swift */; };
		208847B59339D16E6FE9C702 /* QRScannerView.swift in Sources */ = {isa = PBXBuildFile; fileRef = AAE5CC46536E8CA8C49EB434 /* QRScannerView.swift */; };
		20A4769EBD9A6D1D8634B31D /* WhisperHallucinationTests.swift in Sources */ = {isa = PBXBuildFile; fileRef = 73B3DBEA35055556AD1BCA31 /* WhisperHallucinationTests.swift */; };
		22A88F3B3F85341BF17DC47F /* PairWithHostSheet.swift in Sources */ = {isa = PBXBuildFile; fileRef = AB871A678305AA3B049AABBE /* PairWithHostSheet.swift */; };
		299B416F1397BA56DE9F1BF6 /* SwiftTerm in Frameworks */ = {isa = PBXBuildFile; productRef = 2FA8AF8C498C1695C7EDA79A /* SwiftTerm */; };
		2BD76AD6A79D0ABC114DFF65 /* AppCommands.swift in Sources */ = {isa = PBXBuildFile; fileRef = 7B9B72D775E497F2FB66C38A /* AppCommands.swift */; };
		2F089377DAA194A044572F1D /* KeyboardAccessory.swift in Sources */ = {isa = PBXBuildFile; fileRef = 03CCD809DA85DE7858FE6A87 /* KeyboardAccessory.swift */; };
		33CB2A7296D4D8959C1C8A3C /* TextCleanerStaticTests.swift in Sources */ = {isa = PBXBuildFile; fileRef = C6782154FCD1AA4FC355A0B9 /* TextCleanerStaticTests.swift */; };
		341933F48F2628C5756EB64B /* AppSettingsBedrockTests.swift in Sources */ = {isa = PBXBuildFile; fileRef = 09635901942F407E83C1B376 /* AppSettingsBedrockTests.swift */; };
		382DD387109329B4EC0DB56B /* AddEditServerView.swift in Sources */ = {isa = PBXBuildFile; fileRef = 55B2AF59490A10B933D223D7 /* AddEditServerView.swift */; };
		3A2F3332CF50028F70BBDE38 /* MainWindow.swift in Sources */ = {isa = PBXBuildFile; fileRef = D7FB5BCA00B611C22E4B93FD /* MainWindow.swift */; };
		3C1FB57BAEEB29070F151C11 /* AddEditServerViewModel.swift in Sources */ = {isa = PBXBuildFile; fileRef = DE629162439FC9496A0EA4D4 /* AddEditServerViewModel.swift */; };
		41F39C140085E25466F7428C /* AddEditServerView.swift in Sources */ = {isa = PBXBuildFile; fileRef = D78DC0EE4B30D251D06A848D /* AddEditServerView.swift */; };
		4644DE3ED2824ABC39E387F8 /* SettingsView.swift in Sources */ = {isa = PBXBuildFile; fileRef = 91B48FD6DC9E458119F76B8E /* SettingsView.swift */; };
		493D7F13C4D253D933AEE690 /* SwiftTerm in Frameworks */ = {isa = PBXBuildFile; productRef = D7F8244B9EAFA1D78C3D86FF /* SwiftTerm */; };
		4CCC681584E50D630A55D3A7 /* RelayTerminalView.swift in Sources */ = {isa = PBXBuildFile; fileRef = 9AE2628EFBF436099BE3C66E /* RelayTerminalView.swift */; };
		524215008EB1ED37BB7BEF5C /* RecordingShortcutMonitor.swift in Sources */ = {isa = PBXBuildFile; fileRef = 563F4F7F71211D99C0146EAC /* RecordingShortcutMonitor.swift */; };
		55C2DA5C4B2D81E90A5C16BE /* Assets.xcassets in Resources */ = {isa = PBXBuildFile; fileRef = 5D747D243348BFF4BE40432F /* Assets.xcassets */; };
		5696B67E1B61623069D8BB79 /* LaunchAtLogin.swift in Sources */ = {isa = PBXBuildFile; fileRef = 1070882CC08139377A3E6C5B /* LaunchAtLogin.swift */; };
		5FA509C701D58494DCC05471 /* Assets.xcassets in Resources */ = {isa = PBXBuildFile; fileRef = BA02853D523E6DAF7B5CD68D /* Assets.xcassets */; };
		60B5CBCAA01CABA8AC289702 /* MenuBarDropdown.swift in Sources */ = {isa = PBXBuildFile; fileRef = C97EFAD8FF50D4650290995A /* MenuBarDropdown.swift */; };
		63E3BCC85F93A4D12B9436B1 /* ServerListWindow.swift in Sources */ = {isa = PBXBuildFile; fileRef = BCEC36B4A1645DB4968FE179 /* ServerListWindow.swift */; };
		6428BE79BBFA9B0F1E74AC1E /* TerminalPalette.swift in Sources */ = {isa = PBXBuildFile; fileRef = B7615D1873F507B37D13B528 /* TerminalPalette.swift */; };
		6529F1CAC9948761A14893E9 /* AddEditServerViewModel.swift in Sources */ = {isa = PBXBuildFile; fileRef = 338CD3ED0482F3AB64117CF9 /* AddEditServerViewModel.swift */; };
		6D09056ADDB5D682689F7DDF /* ServerListViewModel.swift in Sources */ = {isa = PBXBuildFile; fileRef = 1481B919F081FD62AD2BBD9A /* ServerListViewModel.swift */; };
		6DFBD7BD9B0CDECE257AD5DB /* ScrollbackClearScanner.swift in Sources */ = {isa = PBXBuildFile; fileRef = 2E562C27403134093DFE784F /* ScrollbackClearScanner.swift */; };
		788DFE6458E2C729502AAB0E /* AlertFieldSelectionTests.swift in Sources */ = {isa = PBXBuildFile; fileRef = 457C2FF4E2CEE1A18E3FAE5B /* AlertFieldSelectionTests.swift */; };
		7C1BDD714B65C5AEFBCD74D6 /* QRCodeComponents.swift in Sources */ = {isa = PBXBuildFile; fileRef = CB3014236A9153620618B1A7 /* QRCodeComponents.swift */; };
		7E9F091C0D22BC8F83E18092 /* WorkspaceView.swift in Sources */ = {isa = PBXBuildFile; fileRef = 68A6EA1094483278ADD0146F /* WorkspaceView.swift */; };
		8102CB9311F239F2CE8D238E /* SettingsView.swift in Sources */ = {isa = PBXBuildFile; fileRef = DD7FCEC509175BD571CE89C2 /* SettingsView.swift */; };
		83965FD395DF96FA49CEEECD /* MicButton.swift in Sources */ = {isa = PBXBuildFile; fileRef = 508D7CD8DCA41375E993CDA2 /* MicButton.swift */; };
		83B690BF3E8237A28F8D11A2 /* QRScannerView.swift in Sources */ = {isa = PBXBuildFile; fileRef = EE15BB470918FEC539F58286 /* QRScannerView.swift */; };
		8A6C5D5E1162B61228D9C47C /* PairingViewModel.swift in Sources */ = {isa = PBXBuildFile; fileRef = DD5BB5ABA838DECCACC748FB /* PairingViewModel.swift */; };
		8D0F21B7F585FDF16CF11CB7 /* AppSettingsContinuousTests.swift in Sources */ = {isa = PBXBuildFile; fileRef = BFA0F04426C58852C4530707 /* AppSettingsContinuousTests.swift */; };
		914AF6D14CDFD92EF3E05D54 /* ModifierFlagsTests.swift in Sources */ = {isa = PBXBuildFile; fileRef = 0CE8732910310E2EB40DAF34 /* ModifierFlagsTests.swift */; };
		9276B5AFFE5AE4679E55DAFA /* TerminalScrollSyncTests.swift in Sources */ = {isa = PBXBuildFile; fileRef = 6727AF8242E472AFCFF8765D /* TerminalScrollSyncTests.swift */; };
		938D018C46C19AA652D25CBC /* OnDeviceSpeechEngineTests.swift in Sources */ = {isa = PBXBuildFile; fileRef = D056FB2ADC91419A5B818866 /* OnDeviceSpeechEngineTests.swift */; };
		93CC9977B295F2833335A855 /* TerminalPalette.swift in Sources */ = {isa = PBXBuildFile; fileRef = 1848CC51EF450982C0B741A1 /* TerminalPalette.swift */; };
		9971C020B99AC4E90062CFBC /* SleepWakeObserver.swift in Sources */ = {isa = PBXBuildFile; fileRef = 76DAF1C22B93D5299F03C3F5 /* SleepWakeObserver.swift */; };
		9A7F9C483B24172C474D4202 /* KeyCaptureInterceptor.swift in Sources */ = {isa = PBXBuildFile; fileRef = 72BFC5D12AAF286591F874C3 /* KeyCaptureInterceptor.swift */; };
		9ADD58276B77C25D003DC541 /* ClaudeRelaySpeech in Frameworks */ = {isa = PBXBuildFile; productRef = 0DCA66CBFE9754D57666DA1D /* ClaudeRelaySpeech */; };
		9BC5C1857B9B1DF31D6652D2 /* SessionCoordinator.swift in Sources */ = {isa = PBXBuildFile; fileRef = AE187F4CD17DE18B5927964D /* SessionCoordinator.swift */; };
		9E41F6BB4D69F89CFE550AE9 /* SessionSidebarView.swift in Sources */ = {isa = PBXBuildFile; fileRef = 78EB2D70760D5EC3165F8E5C /* SessionSidebarView.swift */; };
		A55D2687ECBFEB0BD138BACA /* ClaudeRelayApp.swift in Sources */ = {isa = PBXBuildFile; fileRef = 203B7144359F258D91797C4E /* ClaudeRelayApp.swift */; };
		A79C5F365CB65F31BD376486 /* ClaudeRelayClient in Frameworks */ = {isa = PBXBuildFile; productRef = A715244E0841962565A77F01 /* ClaudeRelayClient */; };
		A9D94F9D30CF4FC923A8C6AB /* ClaudeRelaySpeech in Frameworks */ = {isa = PBXBuildFile; productRef = 6E1855478A9ACA3614582EA5 /* ClaudeRelaySpeech */; };
		AE20EB3A429DA20B6284117C /* TerminalContainerView.swift in Sources */ = {isa = PBXBuildFile; fileRef = B5B785672A5F0D293AC7BF84 /* TerminalContainerView.swift */; };
		AE54E51AD13B1D63E09B1D41 /* QRCodePopover.swift in Sources */ = {isa = PBXBuildFile; fileRef = 94688372C735D9B8D283F7BE /* QRCodePopover.swift */; };
		B2BE4071D173540937E6CAF5 /* PairWithHostSheet.swift in Sources */ = {isa = PBXBuildFile; fileRef = 4A53E6CE8384FD9002F533E1 /* PairWithHostSheet.swift */; };
		B5928FFA4B1500FD2062C36C /* SplashScreenView.swift in Sources */ = {isa = PBXBuildFile; fileRef = 79A7D6C757F3F4D55DDE13B0 /* SplashScreenView.swift */; };
		B86A8371A657E020A7E507C4 /* ActiveTerminalView.swift in Sources */ = {isa = PBXBuildFile; fileRef = 0BA9F1A3D0A1C24B057EF633 /* ActiveTerminalView.swift */; };
		BB36A7F84B4D5BD57244E8AF /* ServerListViewModel.swift in Sources */ = {isa = PBXBuildFile; fileRef = 2ECDDEFC7B5354014FB3BFCA /* ServerListViewModel.swift */; };
		BF7D692CA36FCEDE6801C0B0 /* AddEditServerViewModelTests.swift in Sources */ = {isa = PBXBuildFile; fileRef = FEC86DF2DE21C02D9CA12851 /* AddEditServerViewModelTests.swift */; };
		C15F3382DD45173C00444AB2 /* ClaudeRelaySpeech in Frameworks */ = {isa = PBXBuildFile; productRef = 1BED93A77A967016B0481601 /* ClaudeRelaySpeech */; };
		C2D144F0C636F110F135601F /* SpeechEngineStateTests.swift in Sources */ = {isa = PBXBuildFile; fileRef = 322C4BBCAB06B016D16AFE7F /* SpeechEngineStateTests.swift */; };
		CC50C840F4CB8B067339A21D /* ImagePasteHandler.swift in Sources */ = {isa = PBXBuildFile; fileRef = 8738BA3A8400468879A7EA72 /* ImagePasteHandler.swift */; };
		CCCBDB052AD5F9FFDFEE452F /* ClaudeRelaySpeech in Frameworks */ = {isa = PBXBuildFile; productRef = 597BC4C72DD7FDEF83563F6F /* ClaudeRelaySpeech */; };
		D5D85EABC55C071F8597AA44 /* MockSpeechComponents.swift in Sources */ = {isa = PBXBuildFile; fileRef = C3126D30262A416EE37DCA6E /* MockSpeechComponents.swift */; };
		D9CD0E2229FCF9C13CA84ACB /* PairingViewModel.swift in Sources */ = {isa = PBXBuildFile; fileRef = 1E3D3FFC281A7E9B24BC0EDD /* PairingViewModel.swift */; };
		E5A9B0683CE8446B1F90DFB6 /* ClaudeRelayMacApp.swift in Sources */ = {isa = PBXBuildFile; fileRef = 42FCDD4B9EDF313C4B8EC47F /* ClaudeRelayMacApp.swift */; };
		E773E7EDA1271778ADC748E0 /* AppSettings.swift in Sources */ = {isa = PBXBuildFile; fileRef = 2BC85F57C078BD1CFAAFED7C /* AppSettings.swift */; };
		E9FBE1A1DE907E4CF7E23433 /* SwiftTerm in Frameworks */ = {isa = PBXBuildFile; productRef = CB2627EF23FDE67AF2E31A6A /* SwiftTerm */; };
		EC422914AEFDD96D234248E2 /* CodeRelayIcon.icns in Resources */ = {isa = PBXBuildFile; fileRef = 1604B543C9F9EFA0D4C37EE5 /* CodeRelayIcon.icns */; };
		EFFCA49EDD9553791CAADCB9 /* StatusBarView.swift in Sources */ = {isa = PBXBuildFile; fileRef = CF311DE62F36AF5A19AB87E9 /* StatusBarView.swift */; };
		F5391066E5BB1F15D347FCA7 /* ClaudeRelayClient in Frameworks */ = {isa = PBXBuildFile; productRef = 79A9D0B1D5DEC741B2045A7E /* ClaudeRelayClient */; };
		FBB59F2B15827CE9597B7DA4 /* AttachRemoteSessionSheet.swift in Sources */ = {isa = PBXBuildFile; fileRef = 9A314CF6083AD77911749C92 /* AttachRemoteSessionSheet.swift */; };
		FD3223CE996DF0C0059D7333 /* SessionNavigationTests.swift in Sources */ = {isa = PBXBuildFile; fileRef = F590C080D494FF31C908F29F /* SessionNavigationTests.swift */; };
		FEF1C2E9192B51A3EF6CB7B3 /* AppDelegate.swift in Sources */ = {isa = PBXBuildFile; fileRef = 7AD5621F82700100B9C4F53F /* AppDelegate.swift */; };
/* End PBXBuildFile section */

/* Begin PBXContainerItemProxy section */
		6B7C09059E2F7F6FFA79C7BE /* PBXContainerItemProxy */ = {
			isa = PBXContainerItemProxy;
			containerPortal = B3F1AC50CD8DFE78AB64F3DE /* Project object */;
			proxyType = 1;
			remoteGlobalIDString = 53D3A67986EB0528C6161974;
			remoteInfo = ClaudeRelayApp;
		};
		DFB6313E33056A95E46C5DB7 /* PBXContainerItemProxy */ = {
			isa = PBXContainerItemProxy;
			containerPortal = B3F1AC50CD8DFE78AB64F3DE /* Project object */;
			proxyType = 1;
			remoteGlobalIDString = 4590A002CC655CDF66EA3646;
			remoteInfo = ClaudeRelayMac;
		};
/* End PBXContainerItemProxy section */

/* Begin PBXFileReference section */
		03CCD809DA85DE7858FE6A87 /* KeyboardAccessory.swift */ = {isa = PBXFileReference; lastKnownFileType = sourcecode.swift; path = KeyboardAccessory.swift; sourceTree = "<group>"; };
		09635901942F407E83C1B376 /* AppSettingsBedrockTests.swift */ = {isa = PBXFileReference; lastKnownFileType = sourcecode.swift; path = AppSettingsBedrockTests.swift; sourceTree = "<group>"; };
		09EC62BA9D637188AC22F1FC /* ClaudeRelayMac.app */ = {isa = PBXFileReference; explicitFileType = wrapper.application; includeInIndex = 0; path = ClaudeRelayMac.app; sourceTree = BUILT_PRODUCTS_DIR; };
		0BA9F1A3D0A1C24B057EF633 /* ActiveTerminalView.swift */ = {isa = PBXFileReference; lastKnownFileType = sourcecode.swift; path = ActiveTerminalView.swift; sourceTree = "<group>"; };
		0CE8732910310E2EB40DAF34 /* ModifierFlagsTests.swift */ = {isa = PBXFileReference; lastKnownFileType = sourcecode.swift; path = ModifierFlagsTests.swift; sourceTree = "<group>"; };
		1070882CC08139377A3E6C5B /* LaunchAtLogin.swift */ = {isa = PBXFileReference; lastKnownFileType = sourcecode.swift; path = LaunchAtLogin.swift; sourceTree = "<group>"; };
		1481B919F081FD62AD2BBD9A /* ServerListViewModel.swift */ = {isa = PBXFileReference; lastKnownFileType = sourcecode.swift; path = ServerListViewModel.swift; sourceTree = "<group>"; };
		1604B543C9F9EFA0D4C37EE5 /* CodeRelayIcon.icns */ = {isa = PBXFileReference; lastKnownFileType = image.icns; path = CodeRelayIcon.icns; sourceTree = "<group>"; };
		1848CC51EF450982C0B741A1 /* TerminalPalette.swift */ = {isa = PBXFileReference; lastKnownFileType = sourcecode.swift; path = TerminalPalette.swift; sourceTree = "<group>"; };
		1E3D3FFC281A7E9B24BC0EDD /* PairingViewModel.swift */ = {isa = PBXFileReference; lastKnownFileType = sourcecode.swift; path = PairingViewModel.swift; sourceTree = "<group>"; };
		203B7144359F258D91797C4E /* ClaudeRelayApp.swift */ = {isa = PBXFileReference; lastKnownFileType = sourcecode.swift; path = ClaudeRelayApp.swift; sourceTree = "<group>"; };
		2BC85F57C078BD1CFAAFED7C /* AppSettings.swift */ = {isa = PBXFileReference; lastKnownFileType = sourcecode.swift; path = AppSettings.swift; sourceTree = "<group>"; };
		2E562C27403134093DFE784F /* ScrollbackClearScanner.swift */ = {isa = PBXFileReference; lastKnownFileType = sourcecode.swift; path = ScrollbackClearScanner.swift; sourceTree = "<group>"; };
		2ECDDEFC7B5354014FB3BFCA /* ServerListViewModel.swift */ = {isa = PBXFileReference; lastKnownFileType = sourcecode.swift; path = ServerListViewModel.swift; sourceTree = "<group>"; };
		30EC88C3C7486A906F4D35E7 /* MenuBarActivityTests.swift */ = {isa = PBXFileReference; lastKnownFileType = sourcecode.swift; path = MenuBarActivityTests.swift; sourceTree = "<group>"; };
		322C4BBCAB06B016D16AFE7F /* SpeechEngineStateTests.swift */ = {isa = PBXFileReference; lastKnownFileType = sourcecode.swift; path = SpeechEngineStateTests.swift; sourceTree = "<group>"; };
		338CD3ED0482F3AB64117CF9 /* AddEditServerViewModel.swift */ = {isa = PBXFileReference; lastKnownFileType = sourcecode.swift; path = AddEditServerViewModel.swift; sourceTree = "<group>"; };
		36C86DE341C6B0EC9ED1F8BB /* ServerListView.swift */ = {isa = PBXFileReference; lastKnownFileType = sourcecode.swift; path = ServerListView.swift; sourceTree = "<group>"; };
		42FCDD4B9EDF313C4B8EC47F /* ClaudeRelayMacApp.swift */ = {isa = PBXFileReference; lastKnownFileType = sourcecode.swift; path = ClaudeRelayMacApp.swift; sourceTree = "<group>"; };
		457C2FF4E2CEE1A18E3FAE5B /* AlertFieldSelectionTests.swift */ = {isa = PBXFileReference; lastKnownFileType = sourcecode.swift; path = AlertFieldSelectionTests.swift; sourceTree = "<group>"; };
		45DC656CAA02FE345E387335 /* CodeRelay */ = {isa = PBXFileReference; lastKnownFileType = folder; name = CodeRelay; path = .; sourceTree = SOURCE_ROOT; };
		4A53E6CE8384FD9002F533E1 /* PairWithHostSheet.swift */ = {isa = PBXFileReference; lastKnownFileType = sourcecode.swift; path = PairWithHostSheet.swift; sourceTree = "<group>"; };
		508D7CD8DCA41375E993CDA2 /* MicButton.swift */ = {isa = PBXFileReference; lastKnownFileType = sourcecode.swift; path = MicButton.swift; sourceTree = "<group>"; };
		55B2AF59490A10B933D223D7 /* AddEditServerView.swift */ = {isa = PBXFileReference; lastKnownFileType = sourcecode.swift; path = AddEditServerView.swift; sourceTree = "<group>"; };
		563F4F7F71211D99C0146EAC /* RecordingShortcutMonitor.swift */ = {isa = PBXFileReference; lastKnownFileType = sourcecode.swift; path = RecordingShortcutMonitor.swift; sourceTree = "<group>"; };
		5D747D243348BFF4BE40432F /* Assets.xcassets */ = {isa = PBXFileReference; lastKnownFileType = folder.assetcatalog; path = Assets.xcassets; sourceTree = "<group>"; };
		6727AF8242E472AFCFF8765D /* TerminalScrollSyncTests.swift */ = {isa = PBXFileReference; lastKnownFileType = sourcecode.swift; path = TerminalScrollSyncTests.swift; sourceTree = "<group>"; };
		68A6EA1094483278ADD0146F /* WorkspaceView.swift */ = {isa = PBXFileReference; lastKnownFileType = sourcecode.swift; path = WorkspaceView.swift; sourceTree = "<group>"; };
		7079226266577C165AB70463 /* ClaudeRelayMacTests.xctest */ = {isa = PBXFileReference; explicitFileType = wrapper.cfbundle; includeInIndex = 0; path = ClaudeRelayMacTests.xctest; sourceTree = BUILT_PRODUCTS_DIR; };
		72BFC5D12AAF286591F874C3 /* KeyCaptureInterceptor.swift */ = {isa = PBXFileReference; lastKnownFileType = sourcecode.swift; path = KeyCaptureInterceptor.swift; sourceTree = "<group>"; };
		73B3DBEA35055556AD1BCA31 /* WhisperHallucinationTests.swift */ = {isa = PBXFileReference; lastKnownFileType = sourcecode.swift; path = WhisperHallucinationTests.swift; sourceTree = "<group>"; };
		76DAF1C22B93D5299F03C3F5 /* SleepWakeObserver.swift */ = {isa = PBXFileReference; lastKnownFileType = sourcecode.swift; path = SleepWakeObserver.swift; sourceTree = "<group>"; };
		78EB2D70760D5EC3165F8E5C /* SessionSidebarView.swift */ = {isa = PBXFileReference; lastKnownFileType = sourcecode.swift; path = SessionSidebarView.swift; sourceTree = "<group>"; };
		79A7D6C757F3F4D55DDE13B0 /* SplashScreenView.swift */ = {isa = PBXFileReference; lastKnownFileType = sourcecode.swift; path = SplashScreenView.swift; sourceTree = "<group>"; };
		7AD5621F82700100B9C4F53F /* AppDelegate.swift */ = {isa = PBXFileReference; lastKnownFileType = sourcecode.swift; path = AppDelegate.swift; sourceTree = "<group>"; };
		7B9B72D775E497F2FB66C38A /* AppCommands.swift */ = {isa = PBXFileReference; lastKnownFileType = sourcecode.swift; path = AppCommands.swift; sourceTree = "<group>"; };
		7C001E978A6A6C85BABCA076 /* ClaudeRelayApp.app */ = {isa = PBXFileReference; includeInIndex = 0; lastKnownFileType = wrapper.application; path = ClaudeRelayApp.app; sourceTree = BUILT_PRODUCTS_DIR; };
		8738BA3A8400468879A7EA72 /* ImagePasteHandler.swift */ = {isa = PBXFileReference; lastKnownFileType = sourcecode.swift; path = ImagePasteHandler.swift; sourceTree = "<group>"; };
		8EB4DA40B47A6CE46CC9797F /* SessionSidebarView.swift */ = {isa = PBXFileReference; lastKnownFileType = sourcecode.swift; path = SessionSidebarView.swift; sourceTree = "<group>"; };
		91B48FD6DC9E458119F76B8E /* SettingsView.swift */ = {isa = PBXFileReference; lastKnownFileType = sourcecode.swift; path = SettingsView.swift; sourceTree = "<group>"; };
		91FD1804AA1C8F43534632C6 /* ClaudeRelayAppTests.xctest */ = {isa = PBXFileReference; includeInIndex = 0; lastKnownFileType = wrapper.cfbundle; path = ClaudeRelayAppTests.xctest; sourceTree = BUILT_PRODUCTS_DIR; };
		94688372C735D9B8D283F7BE /* QRCodePopover.swift */ = {isa = PBXFileReference; lastKnownFileType = sourcecode.swift; path = QRCodePopover.swift; sourceTree = "<group>"; };
		9A314CF6083AD77911749C92 /* AttachRemoteSessionSheet.swift */ = {isa = PBXFileReference; lastKnownFileType = sourcecode.swift; path = AttachRemoteSessionSheet.swift; sourceTree = "<group>"; };
		9AE2628EFBF436099BE3C66E /* RelayTerminalView.swift */ = {isa = PBXFileReference; lastKnownFileType = sourcecode.swift; path = RelayTerminalView.swift; sourceTree = "<group>"; };
		9D717204F74BA58AC8D5C168 /* MenuBarViewModel.swift */ = {isa = PBXFileReference; lastKnownFileType = sourcecode.swift; path = MenuBarViewModel.swift; sourceTree = "<group>"; };
		AAE5CC46536E8CA8C49EB434 /* QRScannerView.swift */ = {isa = PBXFileReference; lastKnownFileType = sourcecode.swift; path = QRScannerView.swift; sourceTree = "<group>"; };
		AB871A678305AA3B049AABBE /* PairWithHostSheet.swift */ = {isa = PBXFileReference; lastKnownFileType = sourcecode.swift; path = PairWithHostSheet.swift; sourceTree = "<group>"; };
		AD4048D36660C870B9573724 /* AppSettingsBedrockTests.swift */ = {isa = PBXFileReference; lastKnownFileType = sourcecode.swift; path = AppSettingsBedrockTests.swift; sourceTree = "<group>"; };
		AE187F4CD17DE18B5927964D /* SessionCoordinator.swift */ = {isa = PBXFileReference; lastKnownFileType = sourcecode.swift; path = SessionCoordinator.swift; sourceTree = "<group>"; };
		B2BA4095B6DFC9164DB8C74D /* SessionCoordinator.swift */ = {isa = PBXFileReference; lastKnownFileType = sourcecode.swift; path = SessionCoordinator.swift; sourceTree = "<group>"; };
		B5B785672A5F0D293AC7BF84 /* TerminalContainerView.swift */ = {isa = PBXFileReference; lastKnownFileType = sourcecode.swift; path = TerminalContainerView.swift; sourceTree = "<group>"; };
		B7615D1873F507B37D13B528 /* TerminalPalette.swift */ = {isa = PBXFileReference; lastKnownFileType = sourcecode.swift; path = TerminalPalette.swift; sourceTree = "<group>"; };
		BA02853D523E6DAF7B5CD68D /* Assets.xcassets */ = {isa = PBXFileReference; lastKnownFileType = folder.assetcatalog; path = Assets.xcassets; sourceTree = "<group>"; };
		BCEC36B4A1645DB4968FE179 /* ServerListWindow.swift */ = {isa = PBXFileReference; lastKnownFileType = sourcecode.swift; path = ServerListWindow.swift; sourceTree = "<group>"; };
		BFA0F04426C58852C4530707 /* AppSettingsContinuousTests.swift */ = {isa = PBXFileReference; lastKnownFileType = sourcecode.swift; path = AppSettingsContinuousTests.swift; sourceTree = "<group>"; };
		C3126D30262A416EE37DCA6E /* MockSpeechComponents.swift */ = {isa = PBXFileReference; lastKnownFileType = sourcecode.swift; path = MockSpeechComponents.swift; sourceTree = "<group>"; };
		C6782154FCD1AA4FC355A0B9 /* TextCleanerStaticTests.swift */ = {isa = PBXFileReference; lastKnownFileType = sourcecode.swift; path = TextCleanerStaticTests.swift; sourceTree = "<group>"; };
		C869AB0FEAB465EB76190FC2 /* Info.plist */ = {isa = PBXFileReference; lastKnownFileType = text.plist; path = Info.plist; sourceTree = "<group>"; };
		C97EFAD8FF50D4650290995A /* MenuBarDropdown.swift */ = {isa = PBXFileReference; lastKnownFileType = sourcecode.swift; path = MenuBarDropdown.swift; sourceTree = "<group>"; };
		CA74FC6F11B3B0786A977C8C /* KeyCaptureView.swift */ = {isa = PBXFileReference; lastKnownFileType = sourcecode.swift; path = KeyCaptureView.swift; sourceTree = "<group>"; };
		CB3014236A9153620618B1A7 /* QRCodeComponents.swift */ = {isa = PBXFileReference; lastKnownFileType = sourcecode.swift; path = QRCodeComponents.swift; sourceTree = "<group>"; };
		CF311DE62F36AF5A19AB87E9 /* StatusBarView.swift */ = {isa = PBXFileReference; lastKnownFileType = sourcecode.swift; path = StatusBarView.swift; sourceTree = "<group>"; };
		D056FB2ADC91419A5B818866 /* OnDeviceSpeechEngineTests.swift */ = {isa = PBXFileReference; lastKnownFileType = sourcecode.swift; path = OnDeviceSpeechEngineTests.swift; sourceTree = "<group>"; };
		D4204EB40CF647D61C19C014 /* ClaudeRelayMac.entitlements */ = {isa = PBXFileReference; lastKnownFileType = text.plist.entitlements; path = ClaudeRelayMac.entitlements; sourceTree = "<group>"; };
		D5CC0C27F254AABEE0CFF19D /* ClaudeRelayApp.entitlements */ = {isa = PBXFileReference; lastKnownFileType = text.plist.entitlements; path = ClaudeRelayApp.entitlements; sourceTree = "<group>"; };
		D78DC0EE4B30D251D06A848D /* AddEditServerView.swift */ = {isa = PBXFileReference; lastKnownFileType = sourcecode.swift; path = AddEditServerView.swift; sourceTree = "<group>"; };
		D7FB5BCA00B611C22E4B93FD /* MainWindow.swift */ = {isa = PBXFileReference; lastKnownFileType = sourcecode.swift; path = MainWindow.swift; sourceTree = "<group>"; };
		DD5BB5ABA838DECCACC748FB /* PairingViewModel.swift */ = {isa = PBXFileReference; lastKnownFileType = sourcecode.swift; path = PairingViewModel.swift; sourceTree = "<group>"; };
		DD7FCEC509175BD571CE89C2 /* SettingsView.swift */ = {isa = PBXFileReference; lastKnownFileType = sourcecode.swift; path = SettingsView.swift; sourceTree = "<group>"; };
		DE629162439FC9496A0EA4D4 /* AddEditServerViewModel.swift */ = {isa = PBXFileReference; lastKnownFileType = sourcecode.swift; path = AddEditServerViewModel.swift; sourceTree = "<group>"; };
		DECD505C04D50E2D42420381 /* AppSettings.swift */ = {isa = PBXFileReference; lastKnownFileType = sourcecode.swift; path = AppSettings.swift; sourceTree = "<group>"; };
		EE15BB470918FEC539F58286 /* QRScannerView.swift */ = {isa = PBXFileReference; lastKnownFileType = sourcecode.swift; path = QRScannerView.swift; sourceTree = "<group>"; };
		F3D21FADD27700A6E040337F /* QRCodeSheet.swift */ = {isa = PBXFileReference; lastKnownFileType = sourcecode.swift; path = QRCodeSheet.swift; sourceTree = "<group>"; };
		F590C080D494FF31C908F29F /* SessionNavigationTests.swift */ = {isa = PBXFileReference; lastKnownFileType = sourcecode.swift; path = SessionNavigationTests.swift; sourceTree = "<group>"; };
		F59B444752D6EB38F5BEE432 /* SelectAllOnBeginEditing.swift */ = {isa = PBXFileReference; lastKnownFileType = sourcecode.swift; path = SelectAllOnBeginEditing.swift; sourceTree = "<group>"; };
		FEC86DF2DE21C02D9CA12851 /* AddEditServerViewModelTests.swift */ = {isa = PBXFileReference; lastKnownFileType = sourcecode.swift; path = AddEditServerViewModelTests.swift; sourceTree = "<group>"; };
/* End PBXFileReference section */

/* Begin PBXFrameworksBuildPhase section */
		150BE605ED1B238B4F2F9908 /* Frameworks */ = {
			isa = PBXFrameworksBuildPhase;
			buildActionMask = 2147483647;
			files = (
				F5391066E5BB1F15D347FCA7 /* ClaudeRelayClient in Frameworks */,
				CCCBDB052AD5F9FFDFEE452F /* ClaudeRelaySpeech in Frameworks */,
				E9FBE1A1DE907E4CF7E23433 /* SwiftTerm in Frameworks */,
			);
			runOnlyForDeploymentPostprocessing = 0;
		};
		2A53B9E37ADB3358372B75EC /* Frameworks */ = {
			isa = PBXFrameworksBuildPhase;
			buildActionMask = 2147483647;
			files = (
				0DDD25DF810479BC88176F81 /* ClaudeRelayClient in Frameworks */,
				A9D94F9D30CF4FC923A8C6AB /* ClaudeRelaySpeech in Frameworks */,
				299B416F1397BA56DE9F1BF6 /* SwiftTerm in Frameworks */,
			);
			runOnlyForDeploymentPostprocessing = 0;
		};
		7254DE2DC6CC29C1318FE4B0 /* Frameworks */ = {
			isa = PBXFrameworksBuildPhase;
			buildActionMask = 2147483647;
			files = (
				C15F3382DD45173C00444AB2 /* ClaudeRelaySpeech in Frameworks */,
				493D7F13C4D253D933AEE690 /* SwiftTerm in Frameworks */,
			);
			runOnlyForDeploymentPostprocessing = 0;
		};
		A0C6BBC79DC4FC0AEB81D403 /* Frameworks */ = {
			isa = PBXFrameworksBuildPhase;
			buildActionMask = 2147483647;
			files = (
				A79C5F365CB65F31BD376486 /* ClaudeRelayClient in Frameworks */,
				9ADD58276B77C25D003DC541 /* ClaudeRelaySpeech in Frameworks */,
			);
			runOnlyForDeploymentPostprocessing = 0;
		};
/* End PBXFrameworksBuildPhase section */

/* Begin PBXGroup section */
		1E6EF5C113D73BD28A423C83 /* ViewModels */ = {
			isa = PBXGroup;
			children = (
				338CD3ED0482F3AB64117CF9 /* AddEditServerViewModel.swift */,
				DD5BB5ABA838DECCACC748FB /* PairingViewModel.swift */,
				2ECDDEFC7B5354014FB3BFCA /* ServerListViewModel.swift */,
				AE187F4CD17DE18B5927964D /* SessionCoordinator.swift */,
			);
			path = ViewModels;
			sourceTree = "<group>";
		};
		3AA098A37E7D398E1EC025E4 /* Products */ = {
			isa = PBXGroup;
			children = (
				7C001E978A6A6C85BABCA076 /* ClaudeRelayApp.app */,
				91FD1804AA1C8F43534632C6 /* ClaudeRelayAppTests.xctest */,
				09EC62BA9D637188AC22F1FC /* ClaudeRelayMac.app */,
				7079226266577C165AB70463 /* ClaudeRelayMacTests.xctest */,
			);
			name = Products;
			sourceTree = "<group>";
		};
		3C544709576E8C546087C992 /* Models */ = {
			isa = PBXGroup;
			children = (
				2BC85F57C078BD1CFAAFED7C /* AppSettings.swift */,
			);
			path = Models;
			sourceTree = "<group>";
		};
		67648825BC334FE028B1F2D7 /* Helpers */ = {
			isa = PBXGroup;
			children = (
				7B9B72D775E497F2FB66C38A /* AppCommands.swift */,
				8738BA3A8400468879A7EA72 /* ImagePasteHandler.swift */,
				72BFC5D12AAF286591F874C3 /* KeyCaptureInterceptor.swift */,
				1070882CC08139377A3E6C5B /* LaunchAtLogin.swift */,
				563F4F7F71211D99C0146EAC /* RecordingShortcutMonitor.swift */,
				76DAF1C22B93D5299F03C3F5 /* SleepWakeObserver.swift */,
			);
			path = Helpers;
			sourceTree = "<group>";
		};
		6949AF4F89256537825D5FF0 /* Models */ = {
			isa = PBXGroup;
			children = (
				DECD505C04D50E2D42420381 /* AppSettings.swift */,
			);
			path = Models;
			sourceTree = "<group>";
		};
		70BD4C5D5BA2300CBF265C8E /* Views */ = {
			isa = PBXGroup;
			children = (
				0BA9F1A3D0A1C24B057EF633 /* ActiveTerminalView.swift */,
				55B2AF59490A10B933D223D7 /* AddEditServerView.swift */,
				4A53E6CE8384FD9002F533E1 /* PairWithHostSheet.swift */,
				F3D21FADD27700A6E040337F /* QRCodeSheet.swift */,
				EE15BB470918FEC539F58286 /* QRScannerView.swift */,
				36C86DE341C6B0EC9ED1F8BB /* ServerListView.swift */,
				8EB4DA40B47A6CE46CC9797F /* SessionSidebarView.swift */,
				91B48FD6DC9E458119F76B8E /* SettingsView.swift */,
				79A7D6C757F3F4D55DDE13B0 /* SplashScreenView.swift */,
				68A6EA1094483278ADD0146F /* WorkspaceView.swift */,
				E7C7F2B75F10B4F3A2F3713A /* Components */,
			);
			path = Views;
			sourceTree = "<group>";
		};
		738834D27068F0B0BB3D8599 = {
			isa = PBXGroup;
			children = (
				FD9BDF9589CD5417F7C454F4 /* ClaudeRelayApp */,
				FADB8ECCEC3717C13790030F /* ClaudeRelayAppTests */,
				AF870067608021C3EDB43141 /* ClaudeRelayMac */,
				9B0A0EE0BD052C3A96716BA7 /* ClaudeRelayMacTests */,
				7D4E3B0EAF3D5DCAC3E10215 /* Packages */,
				3AA098A37E7D398E1EC025E4 /* Products */,
			);
			sourceTree = "<group>";
		};
		7D4E3B0EAF3D5DCAC3E10215 /* Packages */ = {
			isa = PBXGroup;
			children = (
				45DC656CAA02FE345E387335 /* CodeRelay */,
			);
			name = Packages;
			sourceTree = "<group>";
		};
		9B0A0EE0BD052C3A96716BA7 /* ClaudeRelayMacTests */ = {
			isa = PBXGroup;
			children = (
				FEC86DF2DE21C02D9CA12851 /* AddEditServerViewModelTests.swift */,
				09635901942F407E83C1B376 /* AppSettingsBedrockTests.swift */,
				30EC88C3C7486A906F4D35E7 /* MenuBarActivityTests.swift */,
				0CE8732910310E2EB40DAF34 /* ModifierFlagsTests.swift */,
				F590C080D494FF31C908F29F /* SessionNavigationTests.swift */,
			);
			path = ClaudeRelayMacTests;
			sourceTree = "<group>";
		};
		AF870067608021C3EDB43141 /* ClaudeRelayMac */ = {
			isa = PBXGroup;
			children = (
				7AD5621F82700100B9C4F53F /* AppDelegate.swift */,
				5D747D243348BFF4BE40432F /* Assets.xcassets */,
				D4204EB40CF647D61C19C014 /* ClaudeRelayMac.entitlements */,
				42FCDD4B9EDF313C4B8EC47F /* ClaudeRelayMacApp.swift */,
				1604B543C9F9EFA0D4C37EE5 /* CodeRelayIcon.icns */,
				67648825BC334FE028B1F2D7 /* Helpers */,
				6949AF4F89256537825D5FF0 /* Models */,
				D379A2A16B821D0ABA8A224B /* ViewModels */,
				FEAB57B6E05A8A89EFB47268 /* Views */,
			);
			path = ClaudeRelayMac;
			sourceTree = "<group>";
		};
		D379A2A16B821D0ABA8A224B /* ViewModels */ = {
			isa = PBXGroup;
			children = (
				DE629162439FC9496A0EA4D4 /* AddEditServerViewModel.swift */,
				9D717204F74BA58AC8D5C168 /* MenuBarViewModel.swift */,
				1E3D3FFC281A7E9B24BC0EDD /* PairingViewModel.swift */,
				1481B919F081FD62AD2BBD9A /* ServerListViewModel.swift */,
				B2BA4095B6DFC9164DB8C74D /* SessionCoordinator.swift */,
			);
			path = ViewModels;
			sourceTree = "<group>";
		};
		E7C7F2B75F10B4F3A2F3713A /* Components */ = {
			isa = PBXGroup;
			children = (
				03CCD809DA85DE7858FE6A87 /* KeyboardAccessory.swift */,
				CA74FC6F11B3B0786A977C8C /* KeyCaptureView.swift */,
				508D7CD8DCA41375E993CDA2 /* MicButton.swift */,
				CB3014236A9153620618B1A7 /* QRCodeComponents.swift */,
				9AE2628EFBF436099BE3C66E /* RelayTerminalView.swift */,
				2E562C27403134093DFE784F /* ScrollbackClearScanner.swift */,
				F59B444752D6EB38F5BEE432 /* SelectAllOnBeginEditing.swift */,
				B7615D1873F507B37D13B528 /* TerminalPalette.swift */,
			);
			path = Components;
			sourceTree = "<group>";
		};
		FADB8ECCEC3717C13790030F /* ClaudeRelayAppTests */ = {
			isa = PBXGroup;
			children = (
				457C2FF4E2CEE1A18E3FAE5B /* AlertFieldSelectionTests.swift */,
				AD4048D36660C870B9573724 /* AppSettingsBedrockTests.swift */,
				BFA0F04426C58852C4530707 /* AppSettingsContinuousTests.swift */,
				C3126D30262A416EE37DCA6E /* MockSpeechComponents.swift */,
				D056FB2ADC91419A5B818866 /* OnDeviceSpeechEngineTests.swift */,
				322C4BBCAB06B016D16AFE7F /* SpeechEngineStateTests.swift */,
				6727AF8242E472AFCFF8765D /* TerminalScrollSyncTests.swift */,
				C6782154FCD1AA4FC355A0B9 /* TextCleanerStaticTests.swift */,
				73B3DBEA35055556AD1BCA31 /* WhisperHallucinationTests.swift */,
			);
			path = ClaudeRelayAppTests;
			sourceTree = "<group>";
		};
		FD9BDF9589CD5417F7C454F4 /* ClaudeRelayApp */ = {
			isa = PBXGroup;
			children = (
				BA02853D523E6DAF7B5CD68D /* Assets.xcassets */,
				D5CC0C27F254AABEE0CFF19D /* ClaudeRelayApp.entitlements */,
				203B7144359F258D91797C4E /* ClaudeRelayApp.swift */,
				C869AB0FEAB465EB76190FC2 /* Info.plist */,
				3C544709576E8C546087C992 /* Models */,
				1E6EF5C113D73BD28A423C83 /* ViewModels */,
				70BD4C5D5BA2300CBF265C8E /* Views */,
			);
			path = ClaudeRelayApp;
			sourceTree = "<group>";
		};
		FEAB57B6E05A8A89EFB47268 /* Views */ = {
			isa = PBXGroup;
			children = (
				D78DC0EE4B30D251D06A848D /* AddEditServerView.swift */,
				9A314CF6083AD77911749C92 /* AttachRemoteSessionSheet.swift */,
				D7FB5BCA00B611C22E4B93FD /* MainWindow.swift */,
				C97EFAD8FF50D4650290995A /* MenuBarDropdown.swift */,
				AB871A678305AA3B049AABBE /* PairWithHostSheet.swift */,
				94688372C735D9B8D283F7BE /* QRCodePopover.swift */,
				AAE5CC46536E8CA8C49EB434 /* QRScannerView.swift */,
				BCEC36B4A1645DB4968FE179 /* ServerListWindow.swift */,
				78EB2D70760D5EC3165F8E5C /* SessionSidebarView.swift */,
				DD7FCEC509175BD571CE89C2 /* SettingsView.swift */,
				CF311DE62F36AF5A19AB87E9 /* StatusBarView.swift */,
				B5B785672A5F0D293AC7BF84 /* TerminalContainerView.swift */,
				1848CC51EF450982C0B741A1 /* TerminalPalette.swift */,
			);
			path = Views;
			sourceTree = "<group>";
		};
/* End PBXGroup section */

/* Begin PBXNativeTarget section */
		4590A002CC655CDF66EA3646 /* ClaudeRelayMac */ = {
			isa = PBXNativeTarget;
			buildConfigurationList = 97CCE2D1B4FD6744C923B1D4 /* Build configuration list for PBXNativeTarget "ClaudeRelayMac" */;
			buildPhases = (
				1F062DDE80DFCA1BAA53FCD4 /* Sources */,
				B5AF15ACCB6F03AAA1B1490D /* Resources */,
				2A53B9E37ADB3358372B75EC /* Frameworks */,
			);
			buildRules = (
			);
			dependencies = (
			);
			name = ClaudeRelayMac;
			packageProductDependencies = (
				1306E716950146DD761EE8DC /* ClaudeRelayClient */,
				6E1855478A9ACA3614582EA5 /* ClaudeRelaySpeech */,
				2FA8AF8C498C1695C7EDA79A /* SwiftTerm */,
			);
			productName = ClaudeRelayMac;
			productReference = 09EC62BA9D637188AC22F1FC /* ClaudeRelayMac.app */;
			productType = "com.apple.product-type.application";
		};
		53D3A67986EB0528C6161974 /* ClaudeRelayApp */ = {
			isa = PBXNativeTarget;
			buildConfigurationList = CF4555A91AE896C6B4C29818 /* Build configuration list for PBXNativeTarget "ClaudeRelayApp" */;
			buildPhases = (
				EB1D278E6EF68776A629370C /* Sources */,
				6F5528B189B0D86791C983A9 /* Resources */,
				150BE605ED1B238B4F2F9908 /* Frameworks */,
			);
			buildRules = (
			);
			dependencies = (
			);
			name = ClaudeRelayApp;
			packageProductDependencies = (
				79A9D0B1D5DEC741B2045A7E /* ClaudeRelayClient */,
				597BC4C72DD7FDEF83563F6F /* ClaudeRelaySpeech */,
				CB2627EF23FDE67AF2E31A6A /* SwiftTerm */,
			);
			productName = ClaudeRelayApp;
			productReference = 7C001E978A6A6C85BABCA076 /* ClaudeRelayApp.app */;
			productType = "com.apple.product-type.application";
		};
		7CBFB18DE009C817F4052367 /* ClaudeRelayAppTests */ = {
			isa = PBXNativeTarget;
			buildConfigurationList = 6628F7E25EF3411B87D96AFB /* Build configuration list for PBXNativeTarget "ClaudeRelayAppTests" */;
			buildPhases = (
				6E2F2AEBCCD638ED44CC7E11 /* Sources */,
				7254DE2DC6CC29C1318FE4B0 /* Frameworks */,
			);
			buildRules = (
			);
			dependencies = (
				95C96386379ED6BCFCC2CB70 /* PBXTargetDependency */,
			);
			name = ClaudeRelayAppTests;
			packageProductDependencies = (
				1BED93A77A967016B0481601 /* ClaudeRelaySpeech */,
				D7F8244B9EAFA1D78C3D86FF /* SwiftTerm */,
			);
			productName = ClaudeRelayAppTests;
			productReference = 91FD1804AA1C8F43534632C6 /* ClaudeRelayAppTests.xctest */;
			productType = "com.apple.product-type.bundle.unit-test";
		};
		AD187412EFCF7C7F8C5838A2 /* ClaudeRelayMacTests */ = {
			isa = PBXNativeTarget;
			buildConfigurationList = 1270ADD185DCE59101A21486 /* Build configuration list for PBXNativeTarget "ClaudeRelayMacTests" */;
			buildPhases = (
				011566F970A962D605E426DC /* Sources */,
				A0C6BBC79DC4FC0AEB81D403 /* Frameworks */,
			);
			buildRules = (
			);
			dependencies = (
				5E2123210C122AFC14685190 /* PBXTargetDependency */,
			);
			name = ClaudeRelayMacTests;
			packageProductDependencies = (
				A715244E0841962565A77F01 /* ClaudeRelayClient */,
				0DCA66CBFE9754D57666DA1D /* ClaudeRelaySpeech */,
			);
			productName = ClaudeRelayMacTests;
			productReference = 7079226266577C165AB70463 /* ClaudeRelayMacTests.xctest */;
			productType = "com.apple.product-type.bundle.unit-test";
		};
/* End PBXNativeTarget section */

/* Begin PBXProject section */
		B3F1AC50CD8DFE78AB64F3DE /* Project object */ = {
			isa = PBXProject;
			attributes = {
				BuildIndependentTargetsInParallel = YES;
				LastUpgradeCheck = 1500;
				TargetAttributes = {
					4590A002CC655CDF66EA3646 = {
						DevelopmentTeam = T9WF95GC9T;
					};
					53D3A67986EB0528C6161974 = {
						DevelopmentTeam = T9WF95GC9T;
					};
				};
			};
			buildConfigurationList = 51F903A9054604952CC1FF0D /* Build configuration list for PBXProject "ClaudeRelay" */;
			developmentRegion = en;
			hasScannedForEncodings = 0;
			knownRegions = (
				Base,
				en,
			);
			mainGroup = 738834D27068F0B0BB3D8599;
			minimizedProjectReferenceProxies = 1;
			packageReferences = (
				E63A4716F16F553D3AC86E00 /* XCRemoteSwiftPackageReference "SwiftTerm" */,
				F4988706144E6DE2A73185C6 /* XCLocalSwiftPackageReference "." */,
			);
			preferredProjectObjectVersion = 77;
			productRefGroup = 3AA098A37E7D398E1EC025E4 /* Products */;
			projectDirPath = "";
			projectRoot = "";
			targets = (
				53D3A67986EB0528C6161974 /* ClaudeRelayApp */,
				7CBFB18DE009C817F4052367 /* ClaudeRelayAppTests */,
				4590A002CC655CDF66EA3646 /* ClaudeRelayMac */,
				AD187412EFCF7C7F8C5838A2 /* ClaudeRelayMacTests */,
			);
		};
/* End PBXProject section */

/* Begin PBXResourcesBuildPhase section */
		6F5528B189B0D86791C983A9 /* Resources */ = {
			isa = PBXResourcesBuildPhase;
			buildActionMask = 2147483647;
			files = (
				5FA509C701D58494DCC05471 /* Assets.xcassets in Resources */,
			);
			runOnlyForDeploymentPostprocessing = 0;
		};
		B5AF15ACCB6F03AAA1B1490D /* Resources */ = {
			isa = PBXResourcesBuildPhase;
			buildActionMask = 2147483647;
			files = (
				55C2DA5C4B2D81E90A5C16BE /* Assets.xcassets in Resources */,
				EC422914AEFDD96D234248E2 /* CodeRelayIcon.icns in Resources */,
			);
			runOnlyForDeploymentPostprocessing = 0;
		};
/* End PBXResourcesBuildPhase section */

/* Begin PBXSourcesBuildPhase section */
		011566F970A962D605E426DC /* Sources */ = {
			isa = PBXSourcesBuildPhase;
			buildActionMask = 2147483647;
			files = (
				BF7D692CA36FCEDE6801C0B0 /* AddEditServerViewModelTests.swift in Sources */,
				341933F48F2628C5756EB64B /* AppSettingsBedrockTests.swift in Sources */,
				0717D69490BE19F05FCF66E6 /* MenuBarActivityTests.swift in Sources */,
				914AF6D14CDFD92EF3E05D54 /* ModifierFlagsTests.swift in Sources */,
				FD3223CE996DF0C0059D7333 /* SessionNavigationTests.swift in Sources */,
			);
			runOnlyForDeploymentPostprocessing = 0;
		};
		1F062DDE80DFCA1BAA53FCD4 /* Sources */ = {
			isa = PBXSourcesBuildPhase;
			buildActionMask = 2147483647;
			files = (
				41F39C140085E25466F7428C /* AddEditServerView.swift in Sources */,
				3C1FB57BAEEB29070F151C11 /* AddEditServerViewModel.swift in Sources */,
				2BD76AD6A79D0ABC114DFF65 /* AppCommands.swift in Sources */,
				FEF1C2E9192B51A3EF6CB7B3 /* AppDelegate.swift in Sources */,
				14879492694E389CB21E84A9 /* AppSettings.swift in Sources */,
				FBB59F2B15827CE9597B7DA4 /* AttachRemoteSessionSheet.swift in Sources */,
				E5A9B0683CE8446B1F90DFB6 /* ClaudeRelayMacApp.swift in Sources */,
				CC50C840F4CB8B067339A21D /* ImagePasteHandler.swift in Sources */,
				9A7F9C483B24172C474D4202 /* KeyCaptureInterceptor.swift in Sources */,
				5696B67E1B61623069D8BB79 /* LaunchAtLogin.swift in Sources */,
				3A2F3332CF50028F70BBDE38 /* MainWindow.swift in Sources */,
				60B5CBCAA01CABA8AC289702 /* MenuBarDropdown.swift in Sources */,
				028D1B51EA464565B380385D /* MenuBarViewModel.swift in Sources */,
				22A88F3B3F85341BF17DC47F /* PairWithHostSheet.swift in Sources */,
				D9CD0E2229FCF9C13CA84ACB /* PairingViewModel.swift in Sources */,
				AE54E51AD13B1D63E09B1D41 /* QRCodePopover.swift in Sources */,
				208847B59339D16E6FE9C702 /* QRScannerView.swift in Sources */,
				524215008EB1ED37BB7BEF5C /* RecordingShortcutMonitor.swift in Sources */,
				6D09056ADDB5D682689F7DDF /* ServerListViewModel.swift in Sources */,
				63E3BCC85F93A4D12B9436B1 /* ServerListWindow.swift in Sources */,
				0C5F93F50E30A58EF58F5E5F /* SessionCoordinator.swift in Sources */,
				9E41F6BB4D69F89CFE550AE9 /* SessionSidebarView.swift in Sources */,
				8102CB9311F239F2CE8D238E /* SettingsView.swift in Sources */,
				9971C020B99AC4E90062CFBC /* SleepWakeObserver.swift in Sources */,
				EFFCA49EDD9553791CAADCB9 /* StatusBarView.swift in Sources */,
				AE20EB3A429DA20B6284117C /* TerminalContainerView.swift in Sources */,
				93CC9977B295F2833335A855 /* TerminalPalette.swift in Sources */,
			);
			runOnlyForDeploymentPostprocessing = 0;
		};
		6E2F2AEBCCD638ED44CC7E11 /* Sources */ = {
			isa = PBXSourcesBuildPhase;
			buildActionMask = 2147483647;
			files = (
				788DFE6458E2C729502AAB0E /* AlertFieldSelectionTests.swift in Sources */,
				1B1622962D01C4FA694625F2 /* AppSettingsBedrockTests.swift in Sources */,
				8D0F21B7F585FDF16CF11CB7 /* AppSettingsContinuousTests.swift in Sources */,
				D5D85EABC55C071F8597AA44 /* MockSpeechComponents.swift in Sources */,
				938D018C46C19AA652D25CBC /* OnDeviceSpeechEngineTests.swift in Sources */,
				C2D144F0C636F110F135601F /* SpeechEngineStateTests.swift in Sources */,
				9276B5AFFE5AE4679E55DAFA /* TerminalScrollSyncTests.swift in Sources */,
				33CB2A7296D4D8959C1C8A3C /* TextCleanerStaticTests.swift in Sources */,
				20A4769EBD9A6D1D8634B31D /* WhisperHallucinationTests.swift in Sources */,
			);
			runOnlyForDeploymentPostprocessing = 0;
		};
		EB1D278E6EF68776A629370C /* Sources */ = {
			isa = PBXSourcesBuildPhase;
			buildActionMask = 2147483647;
			files = (
				B86A8371A657E020A7E507C4 /* ActiveTerminalView.swift in Sources */,
				382DD387109329B4EC0DB56B /* AddEditServerView.swift in Sources */,
				6529F1CAC9948761A14893E9 /* AddEditServerViewModel.swift in Sources */,
				E773E7EDA1271778ADC748E0 /* AppSettings.swift in Sources */,
				A55D2687ECBFEB0BD138BACA /* ClaudeRelayApp.swift in Sources */,
				160B187EE7D20A9CD01192BC /* KeyCaptureView.swift in Sources */,
				2F089377DAA194A044572F1D /* KeyboardAccessory.swift in Sources */,
				83965FD395DF96FA49CEEECD /* MicButton.swift in Sources */,
				B2BE4071D173540937E6CAF5 /* PairWithHostSheet.swift in Sources */,
				8A6C5D5E1162B61228D9C47C /* PairingViewModel.swift in Sources */,
				7C1BDD714B65C5AEFBCD74D6 /* QRCodeComponents.swift in Sources */,
				0D5C609EB39AC81E2A65632B /* QRCodeSheet.swift in Sources */,
				83B690BF3E8237A28F8D11A2 /* QRScannerView.swift in Sources */,
				4CCC681584E50D630A55D3A7 /* RelayTerminalView.swift in Sources */,
				6DFBD7BD9B0CDECE257AD5DB /* ScrollbackClearScanner.swift in Sources */,
				0BC726CB1515AC218BF04893 /* SelectAllOnBeginEditing.swift in Sources */,
				08F925B0F2FCF5B7E66B746D /* ServerListView.swift in Sources */,
				BB36A7F84B4D5BD57244E8AF /* ServerListViewModel.swift in Sources */,
				9BC5C1857B9B1DF31D6652D2 /* SessionCoordinator.swift in Sources */,
				0877BB8EA417A60F1F577800 /* SessionSidebarView.swift in Sources */,
				4644DE3ED2824ABC39E387F8 /* SettingsView.swift in Sources */,
				B5928FFA4B1500FD2062C36C /* SplashScreenView.swift in Sources */,
				6428BE79BBFA9B0F1E74AC1E /* TerminalPalette.swift in Sources */,
				7E9F091C0D22BC8F83E18092 /* WorkspaceView.swift in Sources */,
			);
			runOnlyForDeploymentPostprocessing = 0;
		};
/* End PBXSourcesBuildPhase section */

/* Begin PBXTargetDependency section */
		5E2123210C122AFC14685190 /* PBXTargetDependency */ = {
			isa = PBXTargetDependency;
			target = 4590A002CC655CDF66EA3646 /* ClaudeRelayMac */;
			targetProxy = DFB6313E33056A95E46C5DB7 /* PBXContainerItemProxy */;
		};
		95C96386379ED6BCFCC2CB70 /* PBXTargetDependency */ = {
			isa = PBXTargetDependency;
			target = 53D3A67986EB0528C6161974 /* ClaudeRelayApp */;
			targetProxy = 6B7C09059E2F7F6FFA79C7BE /* PBXContainerItemProxy */;
		};
/* End PBXTargetDependency section */

/* Begin XCBuildConfiguration section */
		0559130877F1DB9A5CAF370E /* Debug */ = {
			isa = XCBuildConfiguration;
			buildSettings = {
				ASSETCATALOG_COMPILER_APPICON_NAME = "";
				CODE_SIGN_ENTITLEMENTS = ClaudeRelayMac/ClaudeRelayMac.entitlements;
				COMBINE_HIDPI_IMAGES = YES;
				CURRENT_PROJECT_VERSION = 104;
				DEVELOPMENT_TEAM = T9WF95GC9T;
				INFOPLIST_FILE = ClaudeRelayMac/Info.plist;
				INFOPLIST_KEY_CFBundleDisplayName = "Code[Relay]";
				INFOPLIST_KEY_LSUIElement = NO;
				INFOPLIST_KEY_NSCameraUsageDescription = "Code[Relay] uses the camera to scan QR codes for session sharing.";
				INFOPLIST_KEY_NSMicrophoneUsageDescription = "Code[Relay] needs microphone access for voice-to-text input.";
				LD_RUNPATH_SEARCH_PATHS = (
					"$(inherited)",
					"@executable_path/../Frameworks",
				);
				MACOSX_DEPLOYMENT_TARGET = 14.0;
				MARKETING_VERSION = 1.1.1;
				PRODUCT_BUNDLE_IDENTIFIER = com.claude.relay.mac;
				PRODUCT_NAME = "Code[Relay]";
				SDKROOT = macosx;
				SUPPORTED_PLATFORMS = macosx;
				SWIFT_VERSION = 5.9;
			};
			name = Debug;
		};
		381EE81FE04029B3C83AF93B /* Release */ = {
			isa = XCBuildConfiguration;
			buildSettings = {
				ALWAYS_SEARCH_USER_PATHS = NO;
				CLANG_ANALYZER_NONNULL = YES;
				CLANG_ANALYZER_NUMBER_OBJECT_CONVERSION = YES_AGGRESSIVE;
				CLANG_CXX_LANGUAGE_STANDARD = "gnu++14";
				CLANG_CXX_LIBRARY = "libc++";
				CLANG_ENABLE_MODULES = YES;
				CLANG_ENABLE_OBJC_ARC = YES;
				CLANG_ENABLE_OBJC_WEAK = YES;
				CLANG_WARN_BLOCK_CAPTURE_AUTORELEASING = YES;
				CLANG_WARN_BOOL_CONVERSION = YES;
				CLANG_WARN_COMMA = YES;
				CLANG_WARN_CONSTANT_CONVERSION = YES;
				CLANG_WARN_DEPRECATED_OBJC_IMPLEMENTATIONS = YES;
				CLANG_WARN_DIRECT_OBJC_ISA_USAGE = YES_ERROR;
				CLANG_WARN_DOCUMENTATION_COMMENTS = YES;
				CLANG_WARN_EMPTY_BODY = YES;
				CLANG_WARN_ENUM_CONVERSION = YES;
				CLANG_WARN_INFINITE_RECURSION = YES;
				CLANG_WARN_INT_CONVERSION = YES;
				CLANG_WARN_NON_LITERAL_NULL_CONVERSION = YES;
				CLANG_WARN_OBJC_IMPLICIT_RETAIN_SELF = YES;
				CLANG_WARN_OBJC_LITERAL_CONVERSION = YES;
				CLANG_WARN_OBJC_ROOT_CLASS = YES_ERROR;
				CLANG_WARN_QUOTED_INCLUDE_IN_FRAMEWORK_HEADER = YES;
				CLANG_WARN_RANGE_LOOP_ANALYSIS = YES;
				CLANG_WARN_STRICT_PROTOTYPES = YES;
				CLANG_WARN_SUSPICIOUS_MOVE = YES;
				CLANG_WARN_UNGUARDED_AVAILABILITY = YES_AGGRESSIVE;
				CLANG_WARN_UNREACHABLE_CODE = YES;
				CLANG_WARN__DUPLICATE_METHOD_MATCH = YES;
				COPY_PHASE_STRIP = NO;
				DEBUG_INFORMATION_FORMAT = "dwarf-with-dsym";
				ENABLE_NS_ASSERTIONS = NO;
				ENABLE_STRICT_OBJC_MSGSEND = YES;
				GCC_C_LANGUAGE_STANDARD = gnu11;
				GCC_NO_COMMON_BLOCKS = YES;
				GCC_WARN_64_TO_32_BIT_CONVERSION = YES;
				GCC_WARN_ABOUT_RETURN_TYPE = YES_ERROR;
				GCC_WARN_UNDECLARED_SELECTOR = YES;
				GCC_WARN_UNINITIALIZED_AUTOS = YES_AGGRESSIVE;
				GCC_WARN_UNUSED_FUNCTION = YES;
				GCC_WARN_UNUSED_VARIABLE = YES;
				IPHONEOS_DEPLOYMENT_TARGET = 17.0;
				MACOSX_DEPLOYMENT_TARGET = 14.0;
				MTL_ENABLE_DEBUG_INFO = NO;
				MTL_FAST_MATH = YES;
				PRODUCT_NAME = "$(TARGET_NAME)";
				SWIFT_COMPILATION_MODE = wholemodule;
				SWIFT_OPTIMIZATION_LEVEL = "-O";
				SWIFT_VERSION = 5.0;
			};
			name = Release;
		};
		40A2A382C62C3BF7A54D0676 /* Debug */ = {
			isa = XCBuildConfiguration;
			buildSettings = {
				BUNDLE_LOADER = "$(TEST_HOST)";
				COMBINE_HIDPI_IMAGES = YES;
				GENERATE_INFOPLIST_FILE = YES;
				LD_RUNPATH_SEARCH_PATHS = (
					"$(inherited)",
					"@executable_path/../Frameworks",
					"@loader_path/../Frameworks",
				);
				PRODUCT_BUNDLE_IDENTIFIER = com.claude.relay.mac.tests;
				SDKROOT = macosx;
				TEST_HOST = "$(BUILT_PRODUCTS_DIR)/Code[Relay].app/Contents/MacOS/Code[Relay]";
			};
			name = Debug;
		};
		787A599A77B0E871EA767164 /* Debug */ = {
			isa = XCBuildConfiguration;
			buildSettings = {
				ALWAYS_SEARCH_USER_PATHS = NO;
				CLANG_ANALYZER_NONNULL = YES;
				CLANG_ANALYZER_NUMBER_OBJECT_CONVERSION = YES_AGGRESSIVE;
				CLANG_CXX_LANGUAGE_STANDARD = "gnu++14";
				CLANG_CXX_LIBRARY = "libc++";
				CLANG_ENABLE_MODULES = YES;
				CLANG_ENABLE_OBJC_ARC = YES;
				CLANG_ENABLE_OBJC_WEAK = YES;
				CLANG_WARN_BLOCK_CAPTURE_AUTORELEASING = YES;
				CLANG_WARN_BOOL_CONVERSION = YES;
				CLANG_WARN_COMMA = YES;
				CLANG_WARN_CONSTANT_CONVERSION = YES;
				CLANG_WARN_DEPRECATED_OBJC_IMPLEMENTATIONS = YES;
				CLANG_WARN_DIRECT_OBJC_ISA_USAGE = YES_ERROR;
				CLANG_WARN_DOCUMENTATION_COMMENTS = YES;
				CLANG_WARN_EMPTY_BODY = YES;
				CLANG_WARN_ENUM_CONVERSION = YES;
				CLANG_WARN_INFINITE_RECURSION = YES;
				CLANG_WARN_INT_CONVERSION = YES;
				CLANG_WARN_NON_LITERAL_NULL_CONVERSION = YES;
				CLANG_WARN_OBJC_IMPLICIT_RETAIN_SELF = YES;
				CLANG_WARN_OBJC_LITERAL_CONVERSION = YES;
				CLANG_WARN_OBJC_ROOT_CLASS = YES_ERROR;
				CLANG_WARN_QUOTED_INCLUDE_IN_FRAMEWORK_HEADER = YES;
				CLANG_WARN_RANGE_LOOP_ANALYSIS = YES;
				CLANG_WARN_STRICT_PROTOTYPES = YES;
				CLANG_WARN_SUSPICIOUS_MOVE = YES;
				CLANG_WARN_UNGUARDED_AVAILABILITY = YES_AGGRESSIVE;
				CLANG_WARN_UNREACHABLE_CODE = YES;
				CLANG_WARN__DUPLICATE_METHOD_MATCH = YES;
				COPY_PHASE_STRIP = NO;
				DEBUG_INFORMATION_FORMAT = dwarf;
				ENABLE_STRICT_OBJC_MSGSEND = YES;
				ENABLE_TESTABILITY = YES;
				GCC_C_LANGUAGE_STANDARD = gnu11;
				GCC_DYNAMIC_NO_PIC = NO;
				GCC_NO_COMMON_BLOCKS = YES;
				GCC_OPTIMIZATION_LEVEL = 0;
				GCC_PREPROCESSOR_DEFINITIONS = (
					"$(inherited)",
					"DEBUG=1",
				);
				GCC_WARN_64_TO_32_BIT_CONVERSION = YES;
				GCC_WARN_ABOUT_RETURN_TYPE = YES_ERROR;
				GCC_WARN_UNDECLARED_SELECTOR = YES;
				GCC_WARN_UNINITIALIZED_AUTOS = YES_AGGRESSIVE;
				GCC_WARN_UNUSED_FUNCTION = YES;
				GCC_WARN_UNUSED_VARIABLE = YES;
				IPHONEOS_DEPLOYMENT_TARGET = 17.0;
				MACOSX_DEPLOYMENT_TARGET = 14.0;
				MTL_ENABLE_DEBUG_INFO = INCLUDE_SOURCE;
				MTL_FAST_MATH = YES;
				ONLY_ACTIVE_ARCH = YES;
				PRODUCT_NAME = "$(TARGET_NAME)";
				SWIFT_ACTIVE_COMPILATION_CONDITIONS = DEBUG;
				SWIFT_OPTIMIZATION_LEVEL = "-Onone";
				SWIFT_VERSION = 5.0;
			};
			name = Debug;
		};
		9AE24920D2DF75D3EDC2B852 /* Debug */ = {
			isa = XCBuildConfiguration;
			buildSettings = {
				BUNDLE_LOADER = "$(TEST_HOST)";
				GENERATE_INFOPLIST_FILE = YES;
				LD_RUNPATH_SEARCH_PATHS = (
					"$(inherited)",
					"@executable_path/Frameworks",
					"@loader_path/Frameworks",
				);
				PRODUCT_BUNDLE_IDENTIFIER = com.claude.relay.tests;
				SDKROOT = iphoneos;
				TARGETED_DEVICE_FAMILY = "1,2";
				TEST_HOST = "$(BUILT_PRODUCTS_DIR)/ClaudeRelayApp.app/$(BUNDLE_EXECUTABLE_FOLDER_PATH)/ClaudeRelayApp";
			};
			name = Debug;
		};
		9C9B26B58B343721F3B13019 /* Debug */ = {
			isa = XCBuildConfiguration;
			buildSettings = {
				ASSETCATALOG_COMPILER_APPICON_NAME = AppIcon;
				CODE_SIGN_ENTITLEMENTS = ClaudeRelayApp/ClaudeRelayApp.entitlements;
				CODE_SIGN_IDENTITY = "iPhone Developer";
				CURRENT_PROJECT_VERSION = 181;
				DEVELOPMENT_TEAM = T9WF95GC9T;
				GENERATE_INFOPLIST_FILE = YES;
				INFOPLIST_FILE = ClaudeRelayApp/Info.plist;
				INFOPLIST_KEY_CFBundleDisplayName = "Code[Relay]";
				INFOPLIST_KEY_NSCameraUsageDescription = "Code[Relay] uses the camera to scan QR codes for session sharing.";
				INFOPLIST_KEY_NSMicrophoneUsageDescription = "Code[Relay] needs microphone access for voice-to-text input.";
				INFOPLIST_KEY_NSSpeechRecognitionUsageDescription = "Code[Relay] uses speech recognition to convert voice input to terminal commands.";
				INFOPLIST_KEY_UIApplicationSceneManifest_Generation = YES;
				INFOPLIST_KEY_UIApplicationSupportsIndirectInputEvents = YES;
				INFOPLIST_KEY_UILaunchScreen_Generation = YES;
				INFOPLIST_KEY_UISupportedInterfaceOrientations_iPad = "UIInterfaceOrientationPortrait UIInterfaceOrientationPortraitUpsideDown UIInterfaceOrientationLandscapeLeft UIInterfaceOrientationLandscapeRight";
				INFOPLIST_KEY_UISupportedInterfaceOrientations_iPhone = "UIInterfaceOrientationPortrait UIInterfaceOrientationLandscapeLeft UIInterfaceOrientationLandscapeRight";
				LD_RUNPATH_SEARCH_PATHS = (
					"$(inherited)",
					"@executable_path/Frameworks",
				);
				MARKETING_VERSION = 1.4.1;
				PRODUCT_BUNDLE_IDENTIFIER = com.claude.relay;
				SDKROOT = iphoneos;
				SUPPORTED_PLATFORMS = "iphonesimulator iphoneos";
				SUPPORTS_MACCATALYST = NO;
				SWIFT_VERSION = 5.9;
				TARGETED_DEVICE_FAMILY = "1,2";
			};
			name = Debug;
		};
		CFF248D04C9F19E4A6685728 /* Release */ = {
			isa = XCBuildConfiguration;
			buildSettings = {
				ASSETCATALOG_COMPILER_APPICON_NAME = AppIcon;
				CODE_SIGN_ENTITLEMENTS = ClaudeRelayApp/ClaudeRelayApp.entitlements;
				CODE_SIGN_IDENTITY = "iPhone Developer";
				CURRENT_PROJECT_VERSION = 181;
				DEVELOPMENT_TEAM = T9WF95GC9T;
				GENERATE_INFOPLIST_FILE = YES;
				INFOPLIST_FILE = ClaudeRelayApp/Info.plist;
				INFOPLIST_KEY_CFBundleDisplayName = "Code[Relay]";
				INFOPLIST_KEY_NSCameraUsageDescription = "Code[Relay] uses the camera to scan QR codes for session sharing.";
				INFOPLIST_KEY_NSMicrophoneUsageDescription = "Code[Relay] needs microphone access for voice-to-text input.";
				INFOPLIST_KEY_NSSpeechRecognitionUsageDescription = "Code[Relay] uses speech recognition to convert voice input to terminal commands.";
				INFOPLIST_KEY_UIApplicationSceneManifest_Generation = YES;
				INFOPLIST_KEY_UIApplicationSupportsIndirectInputEvents = YES;
				INFOPLIST_KEY_UILaunchScreen_Generation = YES;
				INFOPLIST_KEY_UISupportedInterfaceOrientations_iPad = "UIInterfaceOrientationPortrait UIInterfaceOrientationPortraitUpsideDown UIInterfaceOrientationLandscapeLeft UIInterfaceOrientationLandscapeRight";
				INFOPLIST_KEY_UISupportedInterfaceOrientations_iPhone = "UIInterfaceOrientationPortrait UIInterfaceOrientationLandscapeLeft UIInterfaceOrientationLandscapeRight";
				LD_RUNPATH_SEARCH_PATHS = (
					"$(inherited)",
					"@executable_path/Frameworks",
				);
				MARKETING_VERSION = 1.4.1;
				PRODUCT_BUNDLE_IDENTIFIER = com.claude.relay;
				SDKROOT = iphoneos;
				SUPPORTED_PLATFORMS = "iphonesimulator iphoneos";
				SUPPORTS_MACCATALYST = NO;
				SWIFT_VERSION = 5.9;
				TARGETED_DEVICE_FAMILY = "1,2";
			};
			name = Release;
		};
		DF5EE07761AEF15C5D07D61A /* Release */ = {
			isa = XCBuildConfiguration;
			buildSettings = {
				BUNDLE_LOADER = "$(TEST_HOST)";
				GENERATE_INFOPLIST_FILE = YES;
				LD_RUNPATH_SEARCH_PATHS = (
					"$(inherited)",
					"@executable_path/Frameworks",
					"@loader_path/Frameworks",
				);
				PRODUCT_BUNDLE_IDENTIFIER = com.claude.relay.tests;
				SDKROOT = iphoneos;
				TARGETED_DEVICE_FAMILY = "1,2";
				TEST_HOST = "$(BUILT_PRODUCTS_DIR)/ClaudeRelayApp.app/$(BUNDLE_EXECUTABLE_FOLDER_PATH)/ClaudeRelayApp";
			};
			name = Release;
		};
		FAA7B7F57B64D11572F59CA3 /* Release */ = {
			isa = XCBuildConfiguration;
			buildSettings = {
				ASSETCATALOG_COMPILER_APPICON_NAME = "";
				CODE_SIGN_ENTITLEMENTS = ClaudeRelayMac/ClaudeRelayMac.entitlements;
				COMBINE_HIDPI_IMAGES = YES;
				CURRENT_PROJECT_VERSION = 104;
				DEVELOPMENT_TEAM = T9WF95GC9T;
				INFOPLIST_FILE = ClaudeRelayMac/Info.plist;
				INFOPLIST_KEY_CFBundleDisplayName = "Code[Relay]";
				INFOPLIST_KEY_LSUIElement = NO;
				INFOPLIST_KEY_NSCameraUsageDescription = "Code[Relay] uses the camera to scan QR codes for session sharing.";
				INFOPLIST_KEY_NSMicrophoneUsageDescription = "Code[Relay] needs microphone access for voice-to-text input.";
				LD_RUNPATH_SEARCH_PATHS = (
					"$(inherited)",
					"@executable_path/../Frameworks",
				);
				MACOSX_DEPLOYMENT_TARGET = 14.0;
				MARKETING_VERSION = 1.1.1;
				PRODUCT_BUNDLE_IDENTIFIER = com.claude.relay.mac;
				PRODUCT_NAME = "Code[Relay]";
				SDKROOT = macosx;
				SUPPORTED_PLATFORMS = macosx;
				SWIFT_VERSION = 5.9;
			};
			name = Release;
		};
		FFDF5908E7A995A3C1CFD69F /* Release */ = {
			isa = XCBuildConfiguration;
			buildSettings = {
				BUNDLE_LOADER = "$(TEST_HOST)";
				COMBINE_HIDPI_IMAGES = YES;
				GENERATE_INFOPLIST_FILE = YES;
				LD_RUNPATH_SEARCH_PATHS = (
					"$(inherited)",
					"@executable_path/../Frameworks",
					"@loader_path/../Frameworks",
				);
				PRODUCT_BUNDLE_IDENTIFIER = com.claude.relay.mac.tests;
				SDKROOT = macosx;
				TEST_HOST = "$(BUILT_PRODUCTS_DIR)/Code[Relay].app/Contents/MacOS/Code[Relay]";
			};
			name = Release;
		};
/* End XCBuildConfiguration section */

/* Begin XCConfigurationList section */
		1270ADD185DCE59101A21486 /* Build configuration list for PBXNativeTarget "ClaudeRelayMacTests" */ = {
			isa = XCConfigurationList;
			buildConfigurations = (
				40A2A382C62C3BF7A54D0676 /* Debug */,
				FFDF5908E7A995A3C1CFD69F /* Release */,
			);
			defaultConfigurationIsVisible = 0;
			defaultConfigurationName = Debug;
		};
		51F903A9054604952CC1FF0D /* Build configuration list for PBXProject "ClaudeRelay" */ = {
			isa = XCConfigurationList;
			buildConfigurations = (
				787A599A77B0E871EA767164 /* Debug */,
				381EE81FE04029B3C83AF93B /* Release */,
			);
			defaultConfigurationIsVisible = 0;
			defaultConfigurationName = Debug;
		};
		6628F7E25EF3411B87D96AFB /* Build configuration list for PBXNativeTarget "ClaudeRelayAppTests" */ = {
			isa = XCConfigurationList;
			buildConfigurations = (
				9AE24920D2DF75D3EDC2B852 /* Debug */,
				DF5EE07761AEF15C5D07D61A /* Release */,
			);
			defaultConfigurationIsVisible = 0;
			defaultConfigurationName = Debug;
		};
		97CCE2D1B4FD6744C923B1D4 /* Build configuration list for PBXNativeTarget "ClaudeRelayMac" */ = {
			isa = XCConfigurationList;
			buildConfigurations = (
				0559130877F1DB9A5CAF370E /* Debug */,
				FAA7B7F57B64D11572F59CA3 /* Release */,
			);
			defaultConfigurationIsVisible = 0;
			defaultConfigurationName = Debug;
		};
		CF4555A91AE896C6B4C29818 /* Build configuration list for PBXNativeTarget "ClaudeRelayApp" */ = {
			isa = XCConfigurationList;
			buildConfigurations = (
				9C9B26B58B343721F3B13019 /* Debug */,
				CFF248D04C9F19E4A6685728 /* Release */,
			);
			defaultConfigurationIsVisible = 0;
			defaultConfigurationName = Debug;
		};
/* End XCConfigurationList section */

/* Begin XCLocalSwiftPackageReference section */
		F4988706144E6DE2A73185C6 /* XCLocalSwiftPackageReference "." */ = {
			isa = XCLocalSwiftPackageReference;
			relativePath = .;
		};
/* End XCLocalSwiftPackageReference section */

/* Begin XCRemoteSwiftPackageReference section */
		E63A4716F16F553D3AC86E00 /* XCRemoteSwiftPackageReference "SwiftTerm" */ = {
			isa = XCRemoteSwiftPackageReference;
			repositoryURL = "https://github.com/migueldeicaza/SwiftTerm.git";
			requirement = {
				kind = upToNextMajorVersion;
				minimumVersion = 1.2.0;
			};
		};
/* End XCRemoteSwiftPackageReference section */

/* Begin XCSwiftPackageProductDependency section */
		0DCA66CBFE9754D57666DA1D /* ClaudeRelaySpeech */ = {
			isa = XCSwiftPackageProductDependency;
			productName = ClaudeRelaySpeech;
		};
		1306E716950146DD761EE8DC /* ClaudeRelayClient */ = {
			isa = XCSwiftPackageProductDependency;
			productName = ClaudeRelayClient;
		};
		1BED93A77A967016B0481601 /* ClaudeRelaySpeech */ = {
			isa = XCSwiftPackageProductDependency;
			productName = ClaudeRelaySpeech;
		};
		2FA8AF8C498C1695C7EDA79A /* SwiftTerm */ = {
			isa = XCSwiftPackageProductDependency;
			package = E63A4716F16F553D3AC86E00 /* XCRemoteSwiftPackageReference "SwiftTerm" */;
			productName = SwiftTerm;
		};
		597BC4C72DD7FDEF83563F6F /* ClaudeRelaySpeech */ = {
			isa = XCSwiftPackageProductDependency;
			productName = ClaudeRelaySpeech;
		};
		6E1855478A9ACA3614582EA5 /* ClaudeRelaySpeech */ = {
			isa = XCSwiftPackageProductDependency;
			productName = ClaudeRelaySpeech;
		};
		79A9D0B1D5DEC741B2045A7E /* ClaudeRelayClient */ = {
			isa = XCSwiftPackageProductDependency;
			productName = ClaudeRelayClient;
		};
		A715244E0841962565A77F01 /* ClaudeRelayClient */ = {
			isa = XCSwiftPackageProductDependency;
			productName = ClaudeRelayClient;
		};
		CB2627EF23FDE67AF2E31A6A /* SwiftTerm */ = {
			isa = XCSwiftPackageProductDependency;
			package = E63A4716F16F553D3AC86E00 /* XCRemoteSwiftPackageReference "SwiftTerm" */;
			productName = SwiftTerm;
		};
		D7F8244B9EAFA1D78C3D86FF /* SwiftTerm */ = {
			isa = XCSwiftPackageProductDependency;
			package = E63A4716F16F553D3AC86E00 /* XCRemoteSwiftPackageReference "SwiftTerm" */;
			productName = SwiftTerm;
		};
/* End XCSwiftPackageProductDependency section */
	};
	rootObject = B3F1AC50CD8DFE78AB64F3DE /* Project object */;
}
