// !$*UTF8*$!
{
	archiveVersion = 1;
	classes = {
	};
	objectVersion = 77;
	objects = {

/* Begin PBXBuildFile section */
		012F50F6760E057E309FB327 /* ModifierFlagsTests.swift in Sources */ = {isa = PBXBuildFile; fileRef = F2915E91C1DA4FC72AF6EBA3 /* ModifierFlagsTests.swift */; };
		051438AA3CED441B1CA8CEA3 /* QRScannerView.swift in Sources */ = {isa = PBXBuildFile; fileRef = A32DE56B50F45FC20E0EAD49 /* QRScannerView.swift */; };
		06C55262523D7C9EAFB3312D /* CodeRelayMacApp.swift in Sources */ = {isa = PBXBuildFile; fileRef = 9811DD833847D309CB69C378 /* CodeRelayMacApp.swift */; };
		0A2F13A1616D3539C4F3BF83 /* WorkspaceView.swift in Sources */ = {isa = PBXBuildFile; fileRef = 4C4A4A53A54C85D2BDFE7327 /* WorkspaceView.swift */; };
		0A304EC22DA76BD8B298A963 /* ImagePasteHandler.swift in Sources */ = {isa = PBXBuildFile; fileRef = 67B090224A2F32FF6AA6DCAD /* ImagePasteHandler.swift */; };
		0C6B11DBFA2D605D05506B93 /* Assets.xcassets in Resources */ = {isa = PBXBuildFile; fileRef = 4A5A11FFBA6C50A66206D19C /* Assets.xcassets */; };
		19510D829FEA25DDFA9F2157 /* KeyCaptureView.swift in Sources */ = {isa = PBXBuildFile; fileRef = E6C08F3358A1896291225B83 /* KeyCaptureView.swift */; };
		1A6B6636A991BA53161D901B /* AddEditServerView.swift in Sources */ = {isa = PBXBuildFile; fileRef = F7F4D875CD3FF65E067E646D /* AddEditServerView.swift */; };
		1B42A2DD6655114FD59C359D /* CodeRelayApp.swift in Sources */ = {isa = PBXBuildFile; fileRef = 182C005C24C6294954821730 /* CodeRelayApp.swift */; };
		1B9AA31CAEB2A2F65812F430 /* SwiftTerm in Frameworks */ = {isa = PBXBuildFile; productRef = 91C67EB7E180478C971D296B /* SwiftTerm */; };
		1D19D8B964094914141377E5 /* SettingsView.swift in Sources */ = {isa = PBXBuildFile; fileRef = 917DBD18EA67BBD605CA1766 /* SettingsView.swift */; };
		1EB6A9EDD3096D6DFF7992CA /* QRCodeComponents.swift in Sources */ = {isa = PBXBuildFile; fileRef = FD79B7A885914DFF752D2179 /* QRCodeComponents.swift */; };
		22809ECBA2EC7298B6F062E6 /* KeyCaptureInterceptor.swift in Sources */ = {isa = PBXBuildFile; fileRef = 6C05C1B0CCB8EFB46D499F4A /* KeyCaptureInterceptor.swift */; };
		22E9C3DC9FB07A2985640660 /* SelectAllOnBeginEditing.swift in Sources */ = {isa = PBXBuildFile; fileRef = EA55B33A0DA53D357C897B22 /* SelectAllOnBeginEditing.swift */; };
		29E42E9BE2B5383AA5137A26 /* AppSettingsSpeechRemovalTests.swift in Sources */ = {isa = PBXBuildFile; fileRef = 0CA2B78194726A22344FEB41 /* AppSettingsSpeechRemovalTests.swift */; };
		377425D89A5D4F801F053F88 /* CodeRelaySpeech in Frameworks */ = {isa = PBXBuildFile; productRef = 32238D67CEB0756F56B3E2C2 /* CodeRelaySpeech */; };
		3AD2C7ED0F0C4903F9541B7A /* Assets.xcassets in Resources */ = {isa = PBXBuildFile; fileRef = 4362FA67F25B8ABD904774A9 /* Assets.xcassets */; };
		3BF3D4E1966454FDBC693F3E /* CodeRelayClient in Frameworks */ = {isa = PBXBuildFile; productRef = C73B67C3B1302EB50D05397D /* CodeRelayClient */; };
		3C01AF545C145E1F47E2E571 /* AddEditServerView.swift in Sources */ = {isa = PBXBuildFile; fileRef = 2D40B83590E3F91399DC24BD /* AddEditServerView.swift */; };
		41C2FC86A1097DFE23246497 /* AddEditServerViewModelTests.swift in Sources */ = {isa = PBXBuildFile; fileRef = 4AFC371D175A35B37794ACFE /* AddEditServerViewModelTests.swift */; };
		42B24E1D08E4489ACD7B3202 /* SessionCoordinator.swift in Sources */ = {isa = PBXBuildFile; fileRef = 1A49FB62428479BAE8D6B9FD /* SessionCoordinator.swift */; };
		49AF18631DCC4666D098FDE5 /* ServerListViewModel.swift in Sources */ = {isa = PBXBuildFile; fileRef = 9C5476368DFFD611E304BB17 /* ServerListViewModel.swift */; };
		4D5757BCC40B0EB7F2CBEEAB /* LaunchAtLogin.swift in Sources */ = {isa = PBXBuildFile; fileRef = B2D38AF522487CD65B4178AC /* LaunchAtLogin.swift */; };
		4EF651CDC5BED64870C112F4 /* ServerListView.swift in Sources */ = {isa = PBXBuildFile; fileRef = 519C055662248EBE2FCC54F4 /* ServerListView.swift */; };
		4F29A94546C0E93C9F4B41E4 /* TerminalScrollSyncTests.swift in Sources */ = {isa = PBXBuildFile; fileRef = 134E10178F9FFB931A0DF690 /* TerminalScrollSyncTests.swift */; };
		4FC3D0363147468C7CCA6BE8 /* AttachRemoteSessionSheet.swift in Sources */ = {isa = PBXBuildFile; fileRef = 81DB257E1E21CA0D82D01A3B /* AttachRemoteSessionSheet.swift */; };
		594B82B95E32F0529AC9A258 /* QRScannerView.swift in Sources */ = {isa = PBXBuildFile; fileRef = 032B2629F2A1D548EB620340 /* QRScannerView.swift */; };
		5FA79A317583249F9A7D5750 /* ScrollbackClearScanner.swift in Sources */ = {isa = PBXBuildFile; fileRef = B79022C76038A88B6D8F9DB7 /* ScrollbackClearScanner.swift */; };
		61B865F9D79CFC959FC07A8B /* TerminalContainerView.swift in Sources */ = {isa = PBXBuildFile; fileRef = CF37B18586BBB7B511433716 /* TerminalContainerView.swift */; };
		6CF76DB5A91180967B19A9B7 /* AddEditServerViewModel.swift in Sources */ = {isa = PBXBuildFile; fileRef = 200D7FB7016273E202A9EE6A /* AddEditServerViewModel.swift */; };
		6E9B9D3C005CE5D0E17E34FB /* SessionSidebarView.swift in Sources */ = {isa = PBXBuildFile; fileRef = 82AA3DF58773D4439629F50D /* SessionSidebarView.swift */; };
		737A97F8F5248D8FB46D8342 /* TerminalSwipeScrollTests.swift in Sources */ = {isa = PBXBuildFile; fileRef = FF97F6314474452F10F2F8D1 /* TerminalSwipeScrollTests.swift */; };
		75BB5A192BBB2F405FE8BE49 /* AppSettings.swift in Sources */ = {isa = PBXBuildFile; fileRef = CB701804D2F0C75E2A6E124F /* AppSettings.swift */; };
		78DA9C0EAF191998F507A7E1 /* StatusBarView.swift in Sources */ = {isa = PBXBuildFile; fileRef = B40D60334B831231F0CC7991 /* StatusBarView.swift */; };
		81236181959BA642708E2E5B /* SessionNavigationTests.swift in Sources */ = {isa = PBXBuildFile; fileRef = AE5AC490671735ED0BB142CA /* SessionNavigationTests.swift */; };
		813C237D6B07C1509C0F058C /* PairingViewModel.swift in Sources */ = {isa = PBXBuildFile; fileRef = D9AEC8A26328D8935405B414 /* PairingViewModel.swift */; };
		8528C7880F07B1CAE00D37AA /* KeyboardAccessory.swift in Sources */ = {isa = PBXBuildFile; fileRef = FA3B4510FFFD5755BE62CE4D /* KeyboardAccessory.swift */; };
		8607DE4CBC28666FC17F4F9A /* AppSettingsSpeechRemovalTests.swift in Sources */ = {isa = PBXBuildFile; fileRef = FFC5B4D48BD29AC9E2BE00E0 /* AppSettingsSpeechRemovalTests.swift */; };
		8B822D63AEEF3769114EF05D /* AlertFieldSelectionTests.swift in Sources */ = {isa = PBXBuildFile; fileRef = DF4AE82B37372BCDEC01BEE7 /* AlertFieldSelectionTests.swift */; };
		8FB9F1150D3FE9629A1E0DB6 /* CodeRelaySpeech in Frameworks */ = {isa = PBXBuildFile; productRef = 177A1547F423385ACD6A5450 /* CodeRelaySpeech */; };
		9319D93BDEE2E0F8110C743D /* SwiftTerm in Frameworks */ = {isa = PBXBuildFile; productRef = C0BA279E101C46CD4C9E8DA0 /* SwiftTerm */; };
		948A803581BF09D54A82AF35 /* PairingViewModel.swift in Sources */ = {isa = PBXBuildFile; fileRef = 8EC6DB3C97F9D884F7FA21ED /* PairingViewModel.swift */; };
		9B8FCED16295ABFC21084712 /* ActiveTerminalView.swift in Sources */ = {isa = PBXBuildFile; fileRef = 66E9DA3201E71F50165B91F5 /* ActiveTerminalView.swift */; };
		9EAE3BDE8C9AE361EF9F3D71 /* MenuBarDropdown.swift in Sources */ = {isa = PBXBuildFile; fileRef = D130F01F66F52B7E7E56E837 /* MenuBarDropdown.swift */; };
		A52BDEE2BDFB2BA67CA64288 /* AppCommands.swift in Sources */ = {isa = PBXBuildFile; fileRef = CE76025239CFE171AEC352E2 /* AppCommands.swift */; };
		B1E5AF4AD4DF9F246EFC5C05 /* SettingsView.swift in Sources */ = {isa = PBXBuildFile; fileRef = F070B78556144927C4A84E00 /* SettingsView.swift */; };
		B255A26627FADB404566CD01 /* RelayTerminalView.swift in Sources */ = {isa = PBXBuildFile; fileRef = 932D11B48F0BE56805CBE758 /* RelayTerminalView.swift */; };
		B36A3BC57F4A163A4D4A7325 /* CodeRelaySpeech in Frameworks */ = {isa = PBXBuildFile; productRef = CB81C989DBD66B9F439A5571 /* CodeRelaySpeech */; };
		B560E8B503C7CD244BF9B997 /* AppSettings.swift in Sources */ = {isa = PBXBuildFile; fileRef = 38421A166AFF766050FDADC2 /* AppSettings.swift */; };
		B64C89088373705D3B9328ED /* SwiftTerm in Frameworks */ = {isa = PBXBuildFile; productRef = 94E14A8D8A42F96B0E2E0701 /* SwiftTerm */; };
		B730C7991753987697101B78 /* CodeRelayIcon.icns in Resources */ = {isa = PBXBuildFile; fileRef = 31934E65D66FC0191EE893C8 /* CodeRelayIcon.icns */; };
		BD22B1489C449A3C4DC16E70 /* AddEditServerViewModel.swift in Sources */ = {isa = PBXBuildFile; fileRef = 5B33AE8EE6C033A2403B7BF3 /* AddEditServerViewModel.swift */; };
		C1FA5FD912E80166B21BD571 /* RecordingShortcutMonitor.swift in Sources */ = {isa = PBXBuildFile; fileRef = 37919AA6CC39F799BBAF73DB /* RecordingShortcutMonitor.swift */; };
		C5DD1A1FBD979234C8F1AFF8 /* TerminalPalette.swift in Sources */ = {isa = PBXBuildFile; fileRef = 4C3AABD0A1EDCDF3D99C2813 /* TerminalPalette.swift */; };
		C9DD34A70DE6928A07B69807 /* SleepWakeObserver.swift in Sources */ = {isa = PBXBuildFile; fileRef = DA2E1F5AF84C6C21754F2B59 /* SleepWakeObserver.swift */; };
		CA0083BA8B5FD10C3726C545 /* PairWithHostSheet.swift in Sources */ = {isa = PBXBuildFile; fileRef = 3694216ED2375FD2BA6D9CD7 /* PairWithHostSheet.swift */; };
		D08D4443A0CF018E9E593203 /* MenuBarViewModel.swift in Sources */ = {isa = PBXBuildFile; fileRef = 14DB6DCF944C782F893809EE /* MenuBarViewModel.swift */; };
		D1A08368206BB64AB10BF416 /* ServerListViewModel.swift in Sources */ = {isa = PBXBuildFile; fileRef = BFDE7B6F21D0081D0855981A /* ServerListViewModel.swift */; };
		D9CEA37AF583C181BADFF2BE /* AppDelegate.swift in Sources */ = {isa = PBXBuildFile; fileRef = 6AA229F172065DCCAABD4EE1 /* AppDelegate.swift */; };
		DC3CC606AD220E28964BE57C /* QRCodeSheet.swift in Sources */ = {isa = PBXBuildFile; fileRef = 9C08E1E10ABEC111CA605BE4 /* QRCodeSheet.swift */; };
		E14796A9326B97964792E6F9 /* TerminalPalette.swift in Sources */ = {isa = PBXBuildFile; fileRef = 994105C8A15882C51A1E9D63 /* TerminalPalette.swift */; };
		E1822BFC45771E1D5D4CEA42 /* CodeRelaySpeech in Frameworks */ = {isa = PBXBuildFile; productRef = EE82728E904F42A2EBB9F376 /* CodeRelaySpeech */; };
		E4B007465A6886711AE4ECA6 /* PairWithHostSheet.swift in Sources */ = {isa = PBXBuildFile; fileRef = 1C01CE54946F1BF877D94BFE /* PairWithHostSheet.swift */; };
		E4D5925EEA80E36AD808183A /* ServerListWindow.swift in Sources */ = {isa = PBXBuildFile; fileRef = 822211CDC993EFDD413DDB0E /* ServerListWindow.swift */; };
		E56E770B9D4E9803B723749F /* CodeRelayClient in Frameworks */ = {isa = PBXBuildFile; productRef = 813FEDD64E4C31122044AC88 /* CodeRelayClient */; };
		EB565C334D2ACAB14C719B32 /* QRCodePopover.swift in Sources */ = {isa = PBXBuildFile; fileRef = 1169B69C981A52324361A485 /* QRCodePopover.swift */; };
		EBC76ABC98C120AC31CEC402 /* CodeRelayClient in Frameworks */ = {isa = PBXBuildFile; productRef = E8C74211FF5057CB56B37194 /* CodeRelayClient */; };
		F48556B90993213A81FE4C77 /* MainWindow.swift in Sources */ = {isa = PBXBuildFile; fileRef = 124B4982AAFCA447B75B2FC8 /* MainWindow.swift */; };
		F6D838BE9B9BC00A46A2F11C /* MenuBarActivityTests.swift in Sources */ = {isa = PBXBuildFile; fileRef = 5A9C224C001A6A792F9D58C8 /* MenuBarActivityTests.swift */; };
		F7065C1D6A48FC570B4C3F5A /* SplashScreenView.swift in Sources */ = {isa = PBXBuildFile; fileRef = 707F2EFA3E2B2F9ADBAEB98F /* SplashScreenView.swift */; };
		FBD5477565B04270237B56F6 /* SessionCoordinator.swift in Sources */ = {isa = PBXBuildFile; fileRef = 60465BA09A0A9870E9E03B23 /* SessionCoordinator.swift */; };
		FF96BA9FE9609DA88A14EF05 /* SessionSidebarView.swift in Sources */ = {isa = PBXBuildFile; fileRef = F7EE17741C04A3558512D65A /* SessionSidebarView.swift */; };
/* End PBXBuildFile section */

/* Begin PBXContainerItemProxy section */
		38A134B2A664A35BECFE4A1F /* PBXContainerItemProxy */ = {
			isa = PBXContainerItemProxy;
			containerPortal = 42136C24086B231CA7DC3694 /* Project object */;
			proxyType = 1;
			remoteGlobalIDString = 0C999431D09D6CF3BE34FAD1;
			remoteInfo = CodeRelayApp;
		};
		AC4C89453A2619FE7DB2EA63 /* PBXContainerItemProxy */ = {
			isa = PBXContainerItemProxy;
			containerPortal = 42136C24086B231CA7DC3694 /* Project object */;
			proxyType = 1;
			remoteGlobalIDString = 03D335CBB8B8954C1F5757A9;
			remoteInfo = CodeRelayMac;
		};
/* End PBXContainerItemProxy section */

/* Begin PBXFileReference section */
		032B2629F2A1D548EB620340 /* QRScannerView.swift */ = {isa = PBXFileReference; lastKnownFileType = sourcecode.swift; path = QRScannerView.swift; sourceTree = "<group>"; };
		05446DA7A910D4397B33AFD1 /* CodeRelayMac.entitlements */ = {isa = PBXFileReference; lastKnownFileType = text.plist.entitlements; path = CodeRelayMac.entitlements; sourceTree = "<group>"; };
		0CA2B78194726A22344FEB41 /* AppSettingsSpeechRemovalTests.swift */ = {isa = PBXFileReference; lastKnownFileType = sourcecode.swift; path = AppSettingsSpeechRemovalTests.swift; sourceTree = "<group>"; };
		1169B69C981A52324361A485 /* QRCodePopover.swift */ = {isa = PBXFileReference; lastKnownFileType = sourcecode.swift; path = QRCodePopover.swift; sourceTree = "<group>"; };
		12141808FD0F8690732DE837 /* CodeRelayMac.app */ = {isa = PBXFileReference; explicitFileType = wrapper.application; includeInIndex = 0; path = CodeRelayMac.app; sourceTree = BUILT_PRODUCTS_DIR; };
		124B4982AAFCA447B75B2FC8 /* MainWindow.swift */ = {isa = PBXFileReference; lastKnownFileType = sourcecode.swift; path = MainWindow.swift; sourceTree = "<group>"; };
		134E10178F9FFB931A0DF690 /* TerminalScrollSyncTests.swift */ = {isa = PBXFileReference; lastKnownFileType = sourcecode.swift; path = TerminalScrollSyncTests.swift; sourceTree = "<group>"; };
		14DB6DCF944C782F893809EE /* MenuBarViewModel.swift */ = {isa = PBXFileReference; lastKnownFileType = sourcecode.swift; path = MenuBarViewModel.swift; sourceTree = "<group>"; };
		182C005C24C6294954821730 /* CodeRelayApp.swift */ = {isa = PBXFileReference; lastKnownFileType = sourcecode.swift; path = CodeRelayApp.swift; sourceTree = "<group>"; };
		1A49FB62428479BAE8D6B9FD /* SessionCoordinator.swift */ = {isa = PBXFileReference; lastKnownFileType = sourcecode.swift; path = SessionCoordinator.swift; sourceTree = "<group>"; };
		1C01CE54946F1BF877D94BFE /* PairWithHostSheet.swift */ = {isa = PBXFileReference; lastKnownFileType = sourcecode.swift; path = PairWithHostSheet.swift; sourceTree = "<group>"; };
		200D7FB7016273E202A9EE6A /* AddEditServerViewModel.swift */ = {isa = PBXFileReference; lastKnownFileType = sourcecode.swift; path = AddEditServerViewModel.swift; sourceTree = "<group>"; };
		2D40B83590E3F91399DC24BD /* AddEditServerView.swift */ = {isa = PBXFileReference; lastKnownFileType = sourcecode.swift; path = AddEditServerView.swift; sourceTree = "<group>"; };
		2F3077C18D3A47EDCAB73EEF /* CodeRelayApp.entitlements */ = {isa = PBXFileReference; lastKnownFileType = text.plist.entitlements; path = CodeRelayApp.entitlements; sourceTree = "<group>"; };
		31934E65D66FC0191EE893C8 /* CodeRelayIcon.icns */ = {isa = PBXFileReference; lastKnownFileType = image.icns; path = CodeRelayIcon.icns; sourceTree = "<group>"; };
		3694216ED2375FD2BA6D9CD7 /* PairWithHostSheet.swift */ = {isa = PBXFileReference; lastKnownFileType = sourcecode.swift; path = PairWithHostSheet.swift; sourceTree = "<group>"; };
		37919AA6CC39F799BBAF73DB /* RecordingShortcutMonitor.swift */ = {isa = PBXFileReference; lastKnownFileType = sourcecode.swift; path = RecordingShortcutMonitor.swift; sourceTree = "<group>"; };
		38421A166AFF766050FDADC2 /* AppSettings.swift */ = {isa = PBXFileReference; lastKnownFileType = sourcecode.swift; path = AppSettings.swift; sourceTree = "<group>"; };
		4362FA67F25B8ABD904774A9 /* Assets.xcassets */ = {isa = PBXFileReference; lastKnownFileType = folder.assetcatalog; path = Assets.xcassets; sourceTree = "<group>"; };
		497489DBBFD12F317E4CE312 /* CodeRelayAppTests.xctest */ = {isa = PBXFileReference; includeInIndex = 0; lastKnownFileType = wrapper.cfbundle; path = CodeRelayAppTests.xctest; sourceTree = BUILT_PRODUCTS_DIR; };
		4A5A11FFBA6C50A66206D19C /* Assets.xcassets */ = {isa = PBXFileReference; lastKnownFileType = folder.assetcatalog; path = Assets.xcassets; sourceTree = "<group>"; };
		4AFC371D175A35B37794ACFE /* AddEditServerViewModelTests.swift */ = {isa = PBXFileReference; lastKnownFileType = sourcecode.swift; path = AddEditServerViewModelTests.swift; sourceTree = "<group>"; };
		4C3AABD0A1EDCDF3D99C2813 /* TerminalPalette.swift */ = {isa = PBXFileReference; lastKnownFileType = sourcecode.swift; path = TerminalPalette.swift; sourceTree = "<group>"; };
		4C4A4A53A54C85D2BDFE7327 /* WorkspaceView.swift */ = {isa = PBXFileReference; lastKnownFileType = sourcecode.swift; path = WorkspaceView.swift; sourceTree = "<group>"; };
		519C055662248EBE2FCC54F4 /* ServerListView.swift */ = {isa = PBXFileReference; lastKnownFileType = sourcecode.swift; path = ServerListView.swift; sourceTree = "<group>"; };
		5A9C224C001A6A792F9D58C8 /* MenuBarActivityTests.swift */ = {isa = PBXFileReference; lastKnownFileType = sourcecode.swift; path = MenuBarActivityTests.swift; sourceTree = "<group>"; };
		5B33AE8EE6C033A2403B7BF3 /* AddEditServerViewModel.swift */ = {isa = PBXFileReference; lastKnownFileType = sourcecode.swift; path = AddEditServerViewModel.swift; sourceTree = "<group>"; };
		60465BA09A0A9870E9E03B23 /* SessionCoordinator.swift */ = {isa = PBXFileReference; lastKnownFileType = sourcecode.swift; path = SessionCoordinator.swift; sourceTree = "<group>"; };
		66E9DA3201E71F50165B91F5 /* ActiveTerminalView.swift */ = {isa = PBXFileReference; lastKnownFileType = sourcecode.swift; path = ActiveTerminalView.swift; sourceTree = "<group>"; };
		67B090224A2F32FF6AA6DCAD /* ImagePasteHandler.swift */ = {isa = PBXFileReference; lastKnownFileType = sourcecode.swift; path = ImagePasteHandler.swift; sourceTree = "<group>"; };
		6AA229F172065DCCAABD4EE1 /* AppDelegate.swift */ = {isa = PBXFileReference; lastKnownFileType = sourcecode.swift; path = AppDelegate.swift; sourceTree = "<group>"; };
		6C05C1B0CCB8EFB46D499F4A /* KeyCaptureInterceptor.swift */ = {isa = PBXFileReference; lastKnownFileType = sourcecode.swift; path = KeyCaptureInterceptor.swift; sourceTree = "<group>"; };
		707F2EFA3E2B2F9ADBAEB98F /* SplashScreenView.swift */ = {isa = PBXFileReference; lastKnownFileType = sourcecode.swift; path = SplashScreenView.swift; sourceTree = "<group>"; };
		7596942A365DC1BC26A481E2 /* CodeRelayMacTests.xctest */ = {isa = PBXFileReference; explicitFileType = wrapper.cfbundle; includeInIndex = 0; path = CodeRelayMacTests.xctest; sourceTree = BUILT_PRODUCTS_DIR; };
		81DB257E1E21CA0D82D01A3B /* AttachRemoteSessionSheet.swift */ = {isa = PBXFileReference; lastKnownFileType = sourcecode.swift; path = AttachRemoteSessionSheet.swift; sourceTree = "<group>"; };
		822211CDC993EFDD413DDB0E /* ServerListWindow.swift */ = {isa = PBXFileReference; lastKnownFileType = sourcecode.swift; path = ServerListWindow.swift; sourceTree = "<group>"; };
		82AA3DF58773D4439629F50D /* SessionSidebarView.swift */ = {isa = PBXFileReference; lastKnownFileType = sourcecode.swift; path = SessionSidebarView.swift; sourceTree = "<group>"; };
		8B851351A44A2F35CF7A6802 /* CodeRelayApp.app */ = {isa = PBXFileReference; includeInIndex = 0; lastKnownFileType = wrapper.application; path = CodeRelayApp.app; sourceTree = BUILT_PRODUCTS_DIR; };
		8EC6DB3C97F9D884F7FA21ED /* PairingViewModel.swift */ = {isa = PBXFileReference; lastKnownFileType = sourcecode.swift; path = PairingViewModel.swift; sourceTree = "<group>"; };
		917DBD18EA67BBD605CA1766 /* SettingsView.swift */ = {isa = PBXFileReference; lastKnownFileType = sourcecode.swift; path = SettingsView.swift; sourceTree = "<group>"; };
		932D11B48F0BE56805CBE758 /* RelayTerminalView.swift */ = {isa = PBXFileReference; lastKnownFileType = sourcecode.swift; path = RelayTerminalView.swift; sourceTree = "<group>"; };
		9811DD833847D309CB69C378 /* CodeRelayMacApp.swift */ = {isa = PBXFileReference; lastKnownFileType = sourcecode.swift; path = CodeRelayMacApp.swift; sourceTree = "<group>"; };
		994105C8A15882C51A1E9D63 /* TerminalPalette.swift */ = {isa = PBXFileReference; lastKnownFileType = sourcecode.swift; path = TerminalPalette.swift; sourceTree = "<group>"; };
		9C08E1E10ABEC111CA605BE4 /* QRCodeSheet.swift */ = {isa = PBXFileReference; lastKnownFileType = sourcecode.swift; path = QRCodeSheet.swift; sourceTree = "<group>"; };
		9C5476368DFFD611E304BB17 /* ServerListViewModel.swift */ = {isa = PBXFileReference; lastKnownFileType = sourcecode.swift; path = ServerListViewModel.swift; sourceTree = "<group>"; };
		A32DE56B50F45FC20E0EAD49 /* QRScannerView.swift */ = {isa = PBXFileReference; lastKnownFileType = sourcecode.swift; path = QRScannerView.swift; sourceTree = "<group>"; };
		AE5AC490671735ED0BB142CA /* SessionNavigationTests.swift */ = {isa = PBXFileReference; lastKnownFileType = sourcecode.swift; path = SessionNavigationTests.swift; sourceTree = "<group>"; };
		B2D38AF522487CD65B4178AC /* LaunchAtLogin.swift */ = {isa = PBXFileReference; lastKnownFileType = sourcecode.swift; path = LaunchAtLogin.swift; sourceTree = "<group>"; };
		B40D60334B831231F0CC7991 /* StatusBarView.swift */ = {isa = PBXFileReference; lastKnownFileType = sourcecode.swift; path = StatusBarView.swift; sourceTree = "<group>"; };
		B79022C76038A88B6D8F9DB7 /* ScrollbackClearScanner.swift */ = {isa = PBXFileReference; lastKnownFileType = sourcecode.swift; path = ScrollbackClearScanner.swift; sourceTree = "<group>"; };
		BFDE7B6F21D0081D0855981A /* ServerListViewModel.swift */ = {isa = PBXFileReference; lastKnownFileType = sourcecode.swift; path = ServerListViewModel.swift; sourceTree = "<group>"; };
		CB701804D2F0C75E2A6E124F /* AppSettings.swift */ = {isa = PBXFileReference; lastKnownFileType = sourcecode.swift; path = AppSettings.swift; sourceTree = "<group>"; };
		CE76025239CFE171AEC352E2 /* AppCommands.swift */ = {isa = PBXFileReference; lastKnownFileType = sourcecode.swift; path = AppCommands.swift; sourceTree = "<group>"; };
		CF37B18586BBB7B511433716 /* TerminalContainerView.swift */ = {isa = PBXFileReference; lastKnownFileType = sourcecode.swift; path = TerminalContainerView.swift; sourceTree = "<group>"; };
		D130F01F66F52B7E7E56E837 /* MenuBarDropdown.swift */ = {isa = PBXFileReference; lastKnownFileType = sourcecode.swift; path = MenuBarDropdown.swift; sourceTree = "<group>"; };
		D9AEC8A26328D8935405B414 /* PairingViewModel.swift */ = {isa = PBXFileReference; lastKnownFileType = sourcecode.swift; path = PairingViewModel.swift; sourceTree = "<group>"; };
		DA2E1F5AF84C6C21754F2B59 /* SleepWakeObserver.swift */ = {isa = PBXFileReference; lastKnownFileType = sourcecode.swift; path = SleepWakeObserver.swift; sourceTree = "<group>"; };
		DF4AE82B37372BCDEC01BEE7 /* AlertFieldSelectionTests.swift */ = {isa = PBXFileReference; lastKnownFileType = sourcecode.swift; path = AlertFieldSelectionTests.swift; sourceTree = "<group>"; };
		E46CD949787B69852ABD4480 /* CodeRelay */ = {isa = PBXFileReference; lastKnownFileType = folder; name = CodeRelay; path = .; sourceTree = SOURCE_ROOT; };
		E6C08F3358A1896291225B83 /* KeyCaptureView.swift */ = {isa = PBXFileReference; lastKnownFileType = sourcecode.swift; path = KeyCaptureView.swift; sourceTree = "<group>"; };
		EA55B33A0DA53D357C897B22 /* SelectAllOnBeginEditing.swift */ = {isa = PBXFileReference; lastKnownFileType = sourcecode.swift; path = SelectAllOnBeginEditing.swift; sourceTree = "<group>"; };
		EF2A47966BF7049A7B54EE51 /* Info.plist */ = {isa = PBXFileReference; lastKnownFileType = text.plist; path = Info.plist; sourceTree = "<group>"; };
		F070B78556144927C4A84E00 /* SettingsView.swift */ = {isa = PBXFileReference; lastKnownFileType = sourcecode.swift; path = SettingsView.swift; sourceTree = "<group>"; };
		F2915E91C1DA4FC72AF6EBA3 /* ModifierFlagsTests.swift */ = {isa = PBXFileReference; lastKnownFileType = sourcecode.swift; path = ModifierFlagsTests.swift; sourceTree = "<group>"; };
		F7EE17741C04A3558512D65A /* SessionSidebarView.swift */ = {isa = PBXFileReference; lastKnownFileType = sourcecode.swift; path = SessionSidebarView.swift; sourceTree = "<group>"; };
		F7F4D875CD3FF65E067E646D /* AddEditServerView.swift */ = {isa = PBXFileReference; lastKnownFileType = sourcecode.swift; path = AddEditServerView.swift; sourceTree = "<group>"; };
		FA3B4510FFFD5755BE62CE4D /* KeyboardAccessory.swift */ = {isa = PBXFileReference; lastKnownFileType = sourcecode.swift; path = KeyboardAccessory.swift; sourceTree = "<group>"; };
		FD79B7A885914DFF752D2179 /* QRCodeComponents.swift */ = {isa = PBXFileReference; lastKnownFileType = sourcecode.swift; path = QRCodeComponents.swift; sourceTree = "<group>"; };
		FF97F6314474452F10F2F8D1 /* TerminalSwipeScrollTests.swift */ = {isa = PBXFileReference; lastKnownFileType = sourcecode.swift; path = TerminalSwipeScrollTests.swift; sourceTree = "<group>"; };
		FFC5B4D48BD29AC9E2BE00E0 /* AppSettingsSpeechRemovalTests.swift */ = {isa = PBXFileReference; lastKnownFileType = sourcecode.swift; path = AppSettingsSpeechRemovalTests.swift; sourceTree = "<group>"; };
/* End PBXFileReference section */

/* Begin PBXFrameworksBuildPhase section */
		34B056F051E03F1EA3A64B90 /* Frameworks */ = {
			isa = PBXFrameworksBuildPhase;
			buildActionMask = 2147483647;
			files = (
				EBC76ABC98C120AC31CEC402 /* CodeRelayClient in Frameworks */,
				E1822BFC45771E1D5D4CEA42 /* CodeRelaySpeech in Frameworks */,
			);
			runOnlyForDeploymentPostprocessing = 0;
		};
		75FDA6D11E0714A297E1351B /* Frameworks */ = {
			isa = PBXFrameworksBuildPhase;
			buildActionMask = 2147483647;
			files = (
				377425D89A5D4F801F053F88 /* CodeRelaySpeech in Frameworks */,
				1B9AA31CAEB2A2F65812F430 /* SwiftTerm in Frameworks */,
			);
			runOnlyForDeploymentPostprocessing = 0;
		};
		7A11986E51C96F9187CAFA1C /* Frameworks */ = {
			isa = PBXFrameworksBuildPhase;
			buildActionMask = 2147483647;
			files = (
				3BF3D4E1966454FDBC693F3E /* CodeRelayClient in Frameworks */,
				B36A3BC57F4A163A4D4A7325 /* CodeRelaySpeech in Frameworks */,
				B64C89088373705D3B9328ED /* SwiftTerm in Frameworks */,
			);
			runOnlyForDeploymentPostprocessing = 0;
		};
		FFEC155CD35F06A0C0AADE10 /* Frameworks */ = {
			isa = PBXFrameworksBuildPhase;
			buildActionMask = 2147483647;
			files = (
				E56E770B9D4E9803B723749F /* CodeRelayClient in Frameworks */,
				8FB9F1150D3FE9629A1E0DB6 /* CodeRelaySpeech in Frameworks */,
				9319D93BDEE2E0F8110C743D /* SwiftTerm in Frameworks */,
			);
			runOnlyForDeploymentPostprocessing = 0;
		};
/* End PBXFrameworksBuildPhase section */

/* Begin PBXGroup section */
		20978E671114C75C1BD0449D /* CodeRelayAppTests */ = {
			isa = PBXGroup;
			children = (
				DF4AE82B37372BCDEC01BEE7 /* AlertFieldSelectionTests.swift */,
				FFC5B4D48BD29AC9E2BE00E0 /* AppSettingsSpeechRemovalTests.swift */,
				134E10178F9FFB931A0DF690 /* TerminalScrollSyncTests.swift */,
				FF97F6314474452F10F2F8D1 /* TerminalSwipeScrollTests.swift */,
			);
			path = CodeRelayAppTests;
			sourceTree = "<group>";
		};
		34D1050EFBED59F1D66641F7 /* ViewModels */ = {
			isa = PBXGroup;
			children = (
				5B33AE8EE6C033A2403B7BF3 /* AddEditServerViewModel.swift */,
				8EC6DB3C97F9D884F7FA21ED /* PairingViewModel.swift */,
				BFDE7B6F21D0081D0855981A /* ServerListViewModel.swift */,
				60465BA09A0A9870E9E03B23 /* SessionCoordinator.swift */,
			);
			path = ViewModels;
			sourceTree = "<group>";
		};
		4693D1593BE8F458EA7B74B7 /* Views */ = {
			isa = PBXGroup;
			children = (
				66E9DA3201E71F50165B91F5 /* ActiveTerminalView.swift */,
				2D40B83590E3F91399DC24BD /* AddEditServerView.swift */,
				1C01CE54946F1BF877D94BFE /* PairWithHostSheet.swift */,
				9C08E1E10ABEC111CA605BE4 /* QRCodeSheet.swift */,
				A32DE56B50F45FC20E0EAD49 /* QRScannerView.swift */,
				519C055662248EBE2FCC54F4 /* ServerListView.swift */,
				F7EE17741C04A3558512D65A /* SessionSidebarView.swift */,
				F070B78556144927C4A84E00 /* SettingsView.swift */,
				707F2EFA3E2B2F9ADBAEB98F /* SplashScreenView.swift */,
				4C4A4A53A54C85D2BDFE7327 /* WorkspaceView.swift */,
				73AEA81833E834F9A7C173DA /* Components */,
			);
			path = Views;
			sourceTree = "<group>";
		};
		73AEA81833E834F9A7C173DA /* Components */ = {
			isa = PBXGroup;
			children = (
				FA3B4510FFFD5755BE62CE4D /* KeyboardAccessory.swift */,
				E6C08F3358A1896291225B83 /* KeyCaptureView.swift */,
				FD79B7A885914DFF752D2179 /* QRCodeComponents.swift */,
				932D11B48F0BE56805CBE758 /* RelayTerminalView.swift */,
				B79022C76038A88B6D8F9DB7 /* ScrollbackClearScanner.swift */,
				EA55B33A0DA53D357C897B22 /* SelectAllOnBeginEditing.swift */,
				994105C8A15882C51A1E9D63 /* TerminalPalette.swift */,
			);
			path = Components;
			sourceTree = "<group>";
		};
		80AFF5938A3A7929BC7E4CA9 /* Packages */ = {
			isa = PBXGroup;
			children = (
				E46CD949787B69852ABD4480 /* CodeRelay */,
			);
			name = Packages;
			sourceTree = "<group>";
		};
		8531A6DC663A44DCF5D40218 /* CodeRelayMacTests */ = {
			isa = PBXGroup;
			children = (
				4AFC371D175A35B37794ACFE /* AddEditServerViewModelTests.swift */,
				0CA2B78194726A22344FEB41 /* AppSettingsSpeechRemovalTests.swift */,
				5A9C224C001A6A792F9D58C8 /* MenuBarActivityTests.swift */,
				F2915E91C1DA4FC72AF6EBA3 /* ModifierFlagsTests.swift */,
				AE5AC490671735ED0BB142CA /* SessionNavigationTests.swift */,
			);
			path = CodeRelayMacTests;
			sourceTree = "<group>";
		};
		917C8E9469DA966BF76A47FC /* Views */ = {
			isa = PBXGroup;
			children = (
				F7F4D875CD3FF65E067E646D /* AddEditServerView.swift */,
				81DB257E1E21CA0D82D01A3B /* AttachRemoteSessionSheet.swift */,
				124B4982AAFCA447B75B2FC8 /* MainWindow.swift */,
				D130F01F66F52B7E7E56E837 /* MenuBarDropdown.swift */,
				3694216ED2375FD2BA6D9CD7 /* PairWithHostSheet.swift */,
				1169B69C981A52324361A485 /* QRCodePopover.swift */,
				032B2629F2A1D548EB620340 /* QRScannerView.swift */,
				822211CDC993EFDD413DDB0E /* ServerListWindow.swift */,
				82AA3DF58773D4439629F50D /* SessionSidebarView.swift */,
				917DBD18EA67BBD605CA1766 /* SettingsView.swift */,
				B40D60334B831231F0CC7991 /* StatusBarView.swift */,
				CF37B18586BBB7B511433716 /* TerminalContainerView.swift */,
				4C3AABD0A1EDCDF3D99C2813 /* TerminalPalette.swift */,
			);
			path = Views;
			sourceTree = "<group>";
		};
		9F093031925DEE0D7ECE53C8 /* CodeRelayMac */ = {
			isa = PBXGroup;
			children = (
				6AA229F172065DCCAABD4EE1 /* AppDelegate.swift */,
				4362FA67F25B8ABD904774A9 /* Assets.xcassets */,
				31934E65D66FC0191EE893C8 /* CodeRelayIcon.icns */,
				05446DA7A910D4397B33AFD1 /* CodeRelayMac.entitlements */,
				9811DD833847D309CB69C378 /* CodeRelayMacApp.swift */,
				C69885DCACB1794E450A069F /* Helpers */,
				A25B9B5D71BB4A8003E7F361 /* Models */,
				B7062D5B31E8B8EEA5D0F38A /* ViewModels */,
				917C8E9469DA966BF76A47FC /* Views */,
			);
			path = CodeRelayMac;
			sourceTree = "<group>";
		};
		A25B9B5D71BB4A8003E7F361 /* Models */ = {
			isa = PBXGroup;
			children = (
				CB701804D2F0C75E2A6E124F /* AppSettings.swift */,
			);
			path = Models;
			sourceTree = "<group>";
		};
		B7062D5B31E8B8EEA5D0F38A /* ViewModels */ = {
			isa = PBXGroup;
			children = (
				200D7FB7016273E202A9EE6A /* AddEditServerViewModel.swift */,
				14DB6DCF944C782F893809EE /* MenuBarViewModel.swift */,
				D9AEC8A26328D8935405B414 /* PairingViewModel.swift */,
				9C5476368DFFD611E304BB17 /* ServerListViewModel.swift */,
				1A49FB62428479BAE8D6B9FD /* SessionCoordinator.swift */,
			);
			path = ViewModels;
			sourceTree = "<group>";
		};
		B922DEF8520F4FA2CB7F95B0 /* Products */ = {
			isa = PBXGroup;
			children = (
				8B851351A44A2F35CF7A6802 /* CodeRelayApp.app */,
				497489DBBFD12F317E4CE312 /* CodeRelayAppTests.xctest */,
				12141808FD0F8690732DE837 /* CodeRelayMac.app */,
				7596942A365DC1BC26A481E2 /* CodeRelayMacTests.xctest */,
			);
			name = Products;
			sourceTree = "<group>";
		};
		C69885DCACB1794E450A069F /* Helpers */ = {
			isa = PBXGroup;
			children = (
				CE76025239CFE171AEC352E2 /* AppCommands.swift */,
				67B090224A2F32FF6AA6DCAD /* ImagePasteHandler.swift */,
				6C05C1B0CCB8EFB46D499F4A /* KeyCaptureInterceptor.swift */,
				B2D38AF522487CD65B4178AC /* LaunchAtLogin.swift */,
				37919AA6CC39F799BBAF73DB /* RecordingShortcutMonitor.swift */,
				DA2E1F5AF84C6C21754F2B59 /* SleepWakeObserver.swift */,
			);
			path = Helpers;
			sourceTree = "<group>";
		};
		DDA11AB024F8B603BAF61C74 /* Models */ = {
			isa = PBXGroup;
			children = (
				38421A166AFF766050FDADC2 /* AppSettings.swift */,
			);
			path = Models;
			sourceTree = "<group>";
		};
		ECF6C237AEBE600EC226A2D1 /* CodeRelayApp */ = {
			isa = PBXGroup;
			children = (
				4A5A11FFBA6C50A66206D19C /* Assets.xcassets */,
				2F3077C18D3A47EDCAB73EEF /* CodeRelayApp.entitlements */,
				182C005C24C6294954821730 /* CodeRelayApp.swift */,
				EF2A47966BF7049A7B54EE51 /* Info.plist */,
				DDA11AB024F8B603BAF61C74 /* Models */,
				34D1050EFBED59F1D66641F7 /* ViewModels */,
				4693D1593BE8F458EA7B74B7 /* Views */,
			);
			path = CodeRelayApp;
			sourceTree = "<group>";
		};
		F1DF8720A5988CC38FDF9C9C = {
			isa = PBXGroup;
			children = (
				ECF6C237AEBE600EC226A2D1 /* CodeRelayApp */,
				20978E671114C75C1BD0449D /* CodeRelayAppTests */,
				9F093031925DEE0D7ECE53C8 /* CodeRelayMac */,
				8531A6DC663A44DCF5D40218 /* CodeRelayMacTests */,
				80AFF5938A3A7929BC7E4CA9 /* Packages */,
				B922DEF8520F4FA2CB7F95B0 /* Products */,
			);
			sourceTree = "<group>";
		};
/* End PBXGroup section */

/* Begin PBXNativeTarget section */
		03D335CBB8B8954C1F5757A9 /* CodeRelayMac */ = {
			isa = PBXNativeTarget;
			buildConfigurationList = 82829B6439F9B88D2A6DF772 /* Build configuration list for PBXNativeTarget "CodeRelayMac" */;
			buildPhases = (
				7E161BACAB65C884ABD05E2B /* Sources */,
				CD76F80C39D1E0462B50849C /* Resources */,
				FFEC155CD35F06A0C0AADE10 /* Frameworks */,
			);
			buildRules = (
			);
			dependencies = (
			);
			name = CodeRelayMac;
			packageProductDependencies = (
				813FEDD64E4C31122044AC88 /* CodeRelayClient */,
				177A1547F423385ACD6A5450 /* CodeRelaySpeech */,
				C0BA279E101C46CD4C9E8DA0 /* SwiftTerm */,
			);
			productName = CodeRelayMac;
			productReference = 12141808FD0F8690732DE837 /* CodeRelayMac.app */;
			productType = "com.apple.product-type.application";
		};
		0C999431D09D6CF3BE34FAD1 /* CodeRelayApp */ = {
			isa = PBXNativeTarget;
			buildConfigurationList = C0AB3D2522103AFB3D9030E1 /* Build configuration list for PBXNativeTarget "CodeRelayApp" */;
			buildPhases = (
				F7CE03B3AA075B42E2DB79A1 /* Sources */,
				38C8239014E135EEC11D1DD3 /* Resources */,
				7A11986E51C96F9187CAFA1C /* Frameworks */,
			);
			buildRules = (
			);
			dependencies = (
			);
			name = CodeRelayApp;
			packageProductDependencies = (
				C73B67C3B1302EB50D05397D /* CodeRelayClient */,
				CB81C989DBD66B9F439A5571 /* CodeRelaySpeech */,
				94E14A8D8A42F96B0E2E0701 /* SwiftTerm */,
			);
			productName = CodeRelayApp;
			productReference = 8B851351A44A2F35CF7A6802 /* CodeRelayApp.app */;
			productType = "com.apple.product-type.application";
		};
		5C8FBCE70669C3057C6899A5 /* CodeRelayMacTests */ = {
			isa = PBXNativeTarget;
			buildConfigurationList = DDAFCF892DB1B18FDAE8A60B /* Build configuration list for PBXNativeTarget "CodeRelayMacTests" */;
			buildPhases = (
				207C51108D7AFA12721A0B5D /* Sources */,
				34B056F051E03F1EA3A64B90 /* Frameworks */,
			);
			buildRules = (
			);
			dependencies = (
				667FC9ADB3C03D2DAA7D0BCD /* PBXTargetDependency */,
			);
			name = CodeRelayMacTests;
			packageProductDependencies = (
				E8C74211FF5057CB56B37194 /* CodeRelayClient */,
				EE82728E904F42A2EBB9F376 /* CodeRelaySpeech */,
			);
			productName = CodeRelayMacTests;
			productReference = 7596942A365DC1BC26A481E2 /* CodeRelayMacTests.xctest */;
			productType = "com.apple.product-type.bundle.unit-test";
		};
		7D6383ABDFCE11F0AFD59C71 /* CodeRelayAppTests */ = {
			isa = PBXNativeTarget;
			buildConfigurationList = 629FF8DCF3838EC202126631 /* Build configuration list for PBXNativeTarget "CodeRelayAppTests" */;
			buildPhases = (
				298A5B8AAB9308E4B5F7CE32 /* Sources */,
				75FDA6D11E0714A297E1351B /* Frameworks */,
			);
			buildRules = (
			);
			dependencies = (
				8666428D5ADF883A82DBC6B7 /* PBXTargetDependency */,
			);
			name = CodeRelayAppTests;
			packageProductDependencies = (
				32238D67CEB0756F56B3E2C2 /* CodeRelaySpeech */,
				91C67EB7E180478C971D296B /* SwiftTerm */,
			);
			productName = CodeRelayAppTests;
			productReference = 497489DBBFD12F317E4CE312 /* CodeRelayAppTests.xctest */;
			productType = "com.apple.product-type.bundle.unit-test";
		};
/* End PBXNativeTarget section */

/* Begin PBXProject section */
		42136C24086B231CA7DC3694 /* Project object */ = {
			isa = PBXProject;
			attributes = {
				BuildIndependentTargetsInParallel = YES;
				LastUpgradeCheck = 1500;
				TargetAttributes = {
					03D335CBB8B8954C1F5757A9 = {
						DevelopmentTeam = T9WF95GC9T;
					};
					0C999431D09D6CF3BE34FAD1 = {
						DevelopmentTeam = T9WF95GC9T;
					};
				};
			};
			buildConfigurationList = DBAC3DDEEE05C1859D9F320B /* Build configuration list for PBXProject "CodeRelay" */;
			developmentRegion = en;
			hasScannedForEncodings = 0;
			knownRegions = (
				Base,
				en,
			);
			mainGroup = F1DF8720A5988CC38FDF9C9C;
			minimizedProjectReferenceProxies = 1;
			packageReferences = (
				D8258B608542662C308039D3 /* XCRemoteSwiftPackageReference "SwiftTerm" */,
				F7B86B106C36631C322FFE17 /* XCLocalSwiftPackageReference "." */,
			);
			preferredProjectObjectVersion = 77;
			productRefGroup = B922DEF8520F4FA2CB7F95B0 /* Products */;
			projectDirPath = "";
			projectRoot = "";
			targets = (
				0C999431D09D6CF3BE34FAD1 /* CodeRelayApp */,
				7D6383ABDFCE11F0AFD59C71 /* CodeRelayAppTests */,
				03D335CBB8B8954C1F5757A9 /* CodeRelayMac */,
				5C8FBCE70669C3057C6899A5 /* CodeRelayMacTests */,
			);
		};
/* End PBXProject section */

/* Begin PBXResourcesBuildPhase section */
		38C8239014E135EEC11D1DD3 /* Resources */ = {
			isa = PBXResourcesBuildPhase;
			buildActionMask = 2147483647;
			files = (
				0C6B11DBFA2D605D05506B93 /* Assets.xcassets in Resources */,
			);
			runOnlyForDeploymentPostprocessing = 0;
		};
		CD76F80C39D1E0462B50849C /* Resources */ = {
			isa = PBXResourcesBuildPhase;
			buildActionMask = 2147483647;
			files = (
				3AD2C7ED0F0C4903F9541B7A /* Assets.xcassets in Resources */,
				B730C7991753987697101B78 /* CodeRelayIcon.icns in Resources */,
			);
			runOnlyForDeploymentPostprocessing = 0;
		};
/* End PBXResourcesBuildPhase section */

/* Begin PBXSourcesBuildPhase section */
		207C51108D7AFA12721A0B5D /* Sources */ = {
			isa = PBXSourcesBuildPhase;
			buildActionMask = 2147483647;
			files = (
				41C2FC86A1097DFE23246497 /* AddEditServerViewModelTests.swift in Sources */,
				29E42E9BE2B5383AA5137A26 /* AppSettingsSpeechRemovalTests.swift in Sources */,
				F6D838BE9B9BC00A46A2F11C /* MenuBarActivityTests.swift in Sources */,
				012F50F6760E057E309FB327 /* ModifierFlagsTests.swift in Sources */,
				81236181959BA642708E2E5B /* SessionNavigationTests.swift in Sources */,
			);
			runOnlyForDeploymentPostprocessing = 0;
		};
		298A5B8AAB9308E4B5F7CE32 /* Sources */ = {
			isa = PBXSourcesBuildPhase;
			buildActionMask = 2147483647;
			files = (
				8B822D63AEEF3769114EF05D /* AlertFieldSelectionTests.swift in Sources */,
				8607DE4CBC28666FC17F4F9A /* AppSettingsSpeechRemovalTests.swift in Sources */,
				4F29A94546C0E93C9F4B41E4 /* TerminalScrollSyncTests.swift in Sources */,
				737A97F8F5248D8FB46D8342 /* TerminalSwipeScrollTests.swift in Sources */,
			);
			runOnlyForDeploymentPostprocessing = 0;
		};
		7E161BACAB65C884ABD05E2B /* Sources */ = {
			isa = PBXSourcesBuildPhase;
			buildActionMask = 2147483647;
			files = (
				1A6B6636A991BA53161D901B /* AddEditServerView.swift in Sources */,
				6CF76DB5A91180967B19A9B7 /* AddEditServerViewModel.swift in Sources */,
				A52BDEE2BDFB2BA67CA64288 /* AppCommands.swift in Sources */,
				D9CEA37AF583C181BADFF2BE /* AppDelegate.swift in Sources */,
				75BB5A192BBB2F405FE8BE49 /* AppSettings.swift in Sources */,
				4FC3D0363147468C7CCA6BE8 /* AttachRemoteSessionSheet.swift in Sources */,
				06C55262523D7C9EAFB3312D /* CodeRelayMacApp.swift in Sources */,
				0A304EC22DA76BD8B298A963 /* ImagePasteHandler.swift in Sources */,
				22809ECBA2EC7298B6F062E6 /* KeyCaptureInterceptor.swift in Sources */,
				4D5757BCC40B0EB7F2CBEEAB /* LaunchAtLogin.swift in Sources */,
				F48556B90993213A81FE4C77 /* MainWindow.swift in Sources */,
				9EAE3BDE8C9AE361EF9F3D71 /* MenuBarDropdown.swift in Sources */,
				D08D4443A0CF018E9E593203 /* MenuBarViewModel.swift in Sources */,
				CA0083BA8B5FD10C3726C545 /* PairWithHostSheet.swift in Sources */,
				813C237D6B07C1509C0F058C /* PairingViewModel.swift in Sources */,
				EB565C334D2ACAB14C719B32 /* QRCodePopover.swift in Sources */,
				594B82B95E32F0529AC9A258 /* QRScannerView.swift in Sources */,
				C1FA5FD912E80166B21BD571 /* RecordingShortcutMonitor.swift in Sources */,
				49AF18631DCC4666D098FDE5 /* ServerListViewModel.swift in Sources */,
				E4D5925EEA80E36AD808183A /* ServerListWindow.swift in Sources */,
				42B24E1D08E4489ACD7B3202 /* SessionCoordinator.swift in Sources */,
				6E9B9D3C005CE5D0E17E34FB /* SessionSidebarView.swift in Sources */,
				1D19D8B964094914141377E5 /* SettingsView.swift in Sources */,
				C9DD34A70DE6928A07B69807 /* SleepWakeObserver.swift in Sources */,
				78DA9C0EAF191998F507A7E1 /* StatusBarView.swift in Sources */,
				61B865F9D79CFC959FC07A8B /* TerminalContainerView.swift in Sources */,
				C5DD1A1FBD979234C8F1AFF8 /* TerminalPalette.swift in Sources */,
			);
			runOnlyForDeploymentPostprocessing = 0;
		};
		F7CE03B3AA075B42E2DB79A1 /* Sources */ = {
			isa = PBXSourcesBuildPhase;
			buildActionMask = 2147483647;
			files = (
				9B8FCED16295ABFC21084712 /* ActiveTerminalView.swift in Sources */,
				3C01AF545C145E1F47E2E571 /* AddEditServerView.swift in Sources */,
				BD22B1489C449A3C4DC16E70 /* AddEditServerViewModel.swift in Sources */,
				B560E8B503C7CD244BF9B997 /* AppSettings.swift in Sources */,
				1B42A2DD6655114FD59C359D /* CodeRelayApp.swift in Sources */,
				19510D829FEA25DDFA9F2157 /* KeyCaptureView.swift in Sources */,
				8528C7880F07B1CAE00D37AA /* KeyboardAccessory.swift in Sources */,
				E4B007465A6886711AE4ECA6 /* PairWithHostSheet.swift in Sources */,
				948A803581BF09D54A82AF35 /* PairingViewModel.swift in Sources */,
				1EB6A9EDD3096D6DFF7992CA /* QRCodeComponents.swift in Sources */,
				DC3CC606AD220E28964BE57C /* QRCodeSheet.swift in Sources */,
				051438AA3CED441B1CA8CEA3 /* QRScannerView.swift in Sources */,
				B255A26627FADB404566CD01 /* RelayTerminalView.swift in Sources */,
				5FA79A317583249F9A7D5750 /* ScrollbackClearScanner.swift in Sources */,
				22E9C3DC9FB07A2985640660 /* SelectAllOnBeginEditing.swift in Sources */,
				4EF651CDC5BED64870C112F4 /* ServerListView.swift in Sources */,
				D1A08368206BB64AB10BF416 /* ServerListViewModel.swift in Sources */,
				FBD5477565B04270237B56F6 /* SessionCoordinator.swift in Sources */,
				FF96BA9FE9609DA88A14EF05 /* SessionSidebarView.swift in Sources */,
				B1E5AF4AD4DF9F246EFC5C05 /* SettingsView.swift in Sources */,
				F7065C1D6A48FC570B4C3F5A /* SplashScreenView.swift in Sources */,
				E14796A9326B97964792E6F9 /* TerminalPalette.swift in Sources */,
				0A2F13A1616D3539C4F3BF83 /* WorkspaceView.swift in Sources */,
			);
			runOnlyForDeploymentPostprocessing = 0;
		};
/* End PBXSourcesBuildPhase section */

/* Begin PBXTargetDependency section */
		667FC9ADB3C03D2DAA7D0BCD /* PBXTargetDependency */ = {
			isa = PBXTargetDependency;
			target = 03D335CBB8B8954C1F5757A9 /* CodeRelayMac */;
			targetProxy = AC4C89453A2619FE7DB2EA63 /* PBXContainerItemProxy */;
		};
		8666428D5ADF883A82DBC6B7 /* PBXTargetDependency */ = {
			isa = PBXTargetDependency;
			target = 0C999431D09D6CF3BE34FAD1 /* CodeRelayApp */;
			targetProxy = 38A134B2A664A35BECFE4A1F /* PBXContainerItemProxy */;
		};
/* End PBXTargetDependency section */

/* Begin XCBuildConfiguration section */
		132095BEEA2E12C54572148D /* Debug */ = {
			isa = XCBuildConfiguration;
			buildSettings = {
				ASSETCATALOG_COMPILER_APPICON_NAME = "";
				CODE_SIGN_ENTITLEMENTS = CodeRelayMac/CodeRelayMac.entitlements;
				COMBINE_HIDPI_IMAGES = YES;
				CURRENT_PROJECT_VERSION = 104;
				DEVELOPMENT_TEAM = T9WF95GC9T;
				INFOPLIST_FILE = CodeRelayMac/Info.plist;
				INFOPLIST_KEY_CFBundleDisplayName = "Code[Relay]";
				INFOPLIST_KEY_LSUIElement = NO;
				INFOPLIST_KEY_NSCameraUsageDescription = "Code[Relay] uses the camera to scan QR codes for session sharing.";
				INFOPLIST_KEY_NSMicrophoneUsageDescription = "Code[Relay] needs microphone access for voice-to-text input.";
				LD_RUNPATH_SEARCH_PATHS = (
					"$(inherited)",
					"@executable_path/../Frameworks",
				);
				MACOSX_DEPLOYMENT_TARGET = 14.0;
				MARKETING_VERSION = 1.1.1;
				PRODUCT_BUNDLE_IDENTIFIER = com.claude.relay.mac;
				PRODUCT_NAME = "Code[Relay]";
				SDKROOT = macosx;
				SUPPORTED_PLATFORMS = macosx;
				SWIFT_VERSION = 5.9;
			};
			name = Debug;
		};
		1632CB77586D1DA449923176 /* Release */ = {
			isa = XCBuildConfiguration;
			buildSettings = {
				ALWAYS_SEARCH_USER_PATHS = NO;
				CLANG_ANALYZER_NONNULL = YES;
				CLANG_ANALYZER_NUMBER_OBJECT_CONVERSION = YES_AGGRESSIVE;
				CLANG_CXX_LANGUAGE_STANDARD = "gnu++14";
				CLANG_CXX_LIBRARY = "libc++";
				CLANG_ENABLE_MODULES = YES;
				CLANG_ENABLE_OBJC_ARC = YES;
				CLANG_ENABLE_OBJC_WEAK = YES;
				CLANG_WARN_BLOCK_CAPTURE_AUTORELEASING = YES;
				CLANG_WARN_BOOL_CONVERSION = YES;
				CLANG_WARN_COMMA = YES;
				CLANG_WARN_CONSTANT_CONVERSION = YES;
				CLANG_WARN_DEPRECATED_OBJC_IMPLEMENTATIONS = YES;
				CLANG_WARN_DIRECT_OBJC_ISA_USAGE = YES_ERROR;
				CLANG_WARN_DOCUMENTATION_COMMENTS = YES;
				CLANG_WARN_EMPTY_BODY = YES;
				CLANG_WARN_ENUM_CONVERSION = YES;
				CLANG_WARN_INFINITE_RECURSION = YES;
				CLANG_WARN_INT_CONVERSION = YES;
				CLANG_WARN_NON_LITERAL_NULL_CONVERSION = YES;
				CLANG_WARN_OBJC_IMPLICIT_RETAIN_SELF = YES;
				CLANG_WARN_OBJC_LITERAL_CONVERSION = YES;
				CLANG_WARN_OBJC_ROOT_CLASS = YES_ERROR;
				CLANG_WARN_QUOTED_INCLUDE_IN_FRAMEWORK_HEADER = YES;
				CLANG_WARN_RANGE_LOOP_ANALYSIS = YES;
				CLANG_WARN_STRICT_PROTOTYPES = YES;
				CLANG_WARN_SUSPICIOUS_MOVE = YES;
				CLANG_WARN_UNGUARDED_AVAILABILITY = YES_AGGRESSIVE;
				CLANG_WARN_UNREACHABLE_CODE = YES;
				CLANG_WARN__DUPLICATE_METHOD_MATCH = YES;
				COPY_PHASE_STRIP = NO;
				DEBUG_INFORMATION_FORMAT = "dwarf-with-dsym";
				ENABLE_NS_ASSERTIONS = NO;
				ENABLE_STRICT_OBJC_MSGSEND = YES;
				GCC_C_LANGUAGE_STANDARD = gnu11;
				GCC_NO_COMMON_BLOCKS = YES;
				GCC_WARN_64_TO_32_BIT_CONVERSION = YES;
				GCC_WARN_ABOUT_RETURN_TYPE = YES_ERROR;
				GCC_WARN_UNDECLARED_SELECTOR = YES;
				GCC_WARN_UNINITIALIZED_AUTOS = YES_AGGRESSIVE;
				GCC_WARN_UNUSED_FUNCTION = YES;
				GCC_WARN_UNUSED_VARIABLE = YES;
				IPHONEOS_DEPLOYMENT_TARGET = 17.0;
				MACOSX_DEPLOYMENT_TARGET = 14.0;
				MTL_ENABLE_DEBUG_INFO = NO;
				MTL_FAST_MATH = YES;
				PRODUCT_NAME = "$(TARGET_NAME)";
				SWIFT_COMPILATION_MODE = wholemodule;
				SWIFT_OPTIMIZATION_LEVEL = "-O";
				SWIFT_VERSION = 5.0;
			};
			name = Release;
		};
		22E6062A93C75D48EE102BF5 /* Release */ = {
			isa = XCBuildConfiguration;
			buildSettings = {
				BUNDLE_LOADER = "$(TEST_HOST)";
				GENERATE_INFOPLIST_FILE = YES;
				LD_RUNPATH_SEARCH_PATHS = (
					"$(inherited)",
					"@executable_path/Frameworks",
					"@loader_path/Frameworks",
				);
				PRODUCT_BUNDLE_IDENTIFIER = com.claude.relay.tests;
				SDKROOT = iphoneos;
				TARGETED_DEVICE_FAMILY = "1,2";
				TEST_HOST = "$(BUILT_PRODUCTS_DIR)/CodeRelayApp.app/$(BUNDLE_EXECUTABLE_FOLDER_PATH)/CodeRelayApp";
			};
			name = Release;
		};
		3F5DD38827DC25DAA465FE95 /* Debug */ = {
			isa = XCBuildConfiguration;
			buildSettings = {
				BUNDLE_LOADER = "$(TEST_HOST)";
				COMBINE_HIDPI_IMAGES = YES;
				GENERATE_INFOPLIST_FILE = YES;
				LD_RUNPATH_SEARCH_PATHS = (
					"$(inherited)",
					"@executable_path/../Frameworks",
					"@loader_path/../Frameworks",
				);
				PRODUCT_BUNDLE_IDENTIFIER = com.claude.relay.mac.tests;
				SDKROOT = macosx;
				TEST_HOST = "$(BUILT_PRODUCTS_DIR)/Code[Relay].app/Contents/MacOS/Code[Relay]";
			};
			name = Debug;
		};
		6539D652BFC6024FC147191D /* Debug */ = {
			isa = XCBuildConfiguration;
			buildSettings = {
				ALWAYS_SEARCH_USER_PATHS = NO;
				CLANG_ANALYZER_NONNULL = YES;
				CLANG_ANALYZER_NUMBER_OBJECT_CONVERSION = YES_AGGRESSIVE;
				CLANG_CXX_LANGUAGE_STANDARD = "gnu++14";
				CLANG_CXX_LIBRARY = "libc++";
				CLANG_ENABLE_MODULES = YES;
				CLANG_ENABLE_OBJC_ARC = YES;
				CLANG_ENABLE_OBJC_WEAK = YES;
				CLANG_WARN_BLOCK_CAPTURE_AUTORELEASING = YES;
				CLANG_WARN_BOOL_CONVERSION = YES;
				CLANG_WARN_COMMA = YES;
				CLANG_WARN_CONSTANT_CONVERSION = YES;
				CLANG_WARN_DEPRECATED_OBJC_IMPLEMENTATIONS = YES;
				CLANG_WARN_DIRECT_OBJC_ISA_USAGE = YES_ERROR;
				CLANG_WARN_DOCUMENTATION_COMMENTS = YES;
				CLANG_WARN_EMPTY_BODY = YES;
				CLANG_WARN_ENUM_CONVERSION = YES;
				CLANG_WARN_INFINITE_RECURSION = YES;
				CLANG_WARN_INT_CONVERSION = YES;
				CLANG_WARN_NON_LITERAL_NULL_CONVERSION = YES;
				CLANG_WARN_OBJC_IMPLICIT_RETAIN_SELF = YES;
				CLANG_WARN_OBJC_LITERAL_CONVERSION = YES;
				CLANG_WARN_OBJC_ROOT_CLASS = YES_ERROR;
				CLANG_WARN_QUOTED_INCLUDE_IN_FRAMEWORK_HEADER = YES;
				CLANG_WARN_RANGE_LOOP_ANALYSIS = YES;
				CLANG_WARN_STRICT_PROTOTYPES = YES;
				CLANG_WARN_SUSPICIOUS_MOVE = YES;
				CLANG_WARN_UNGUARDED_AVAILABILITY = YES_AGGRESSIVE;
				CLANG_WARN_UNREACHABLE_CODE = YES;
				CLANG_WARN__DUPLICATE_METHOD_MATCH = YES;
				COPY_PHASE_STRIP = NO;
				DEBUG_INFORMATION_FORMAT = dwarf;
				ENABLE_STRICT_OBJC_MSGSEND = YES;
				ENABLE_TESTABILITY = YES;
				GCC_C_LANGUAGE_STANDARD = gnu11;
				GCC_DYNAMIC_NO_PIC = NO;
				GCC_NO_COMMON_BLOCKS = YES;
				GCC_OPTIMIZATION_LEVEL = 0;
				GCC_PREPROCESSOR_DEFINITIONS = (
					"$(inherited)",
					"DEBUG=1",
				);
				GCC_WARN_64_TO_32_BIT_CONVERSION = YES;
				GCC_WARN_ABOUT_RETURN_TYPE = YES_ERROR;
				GCC_WARN_UNDECLARED_SELECTOR = YES;
				GCC_WARN_UNINITIALIZED_AUTOS = YES_AGGRESSIVE;
				GCC_WARN_UNUSED_FUNCTION = YES;
				GCC_WARN_UNUSED_VARIABLE = YES;
				IPHONEOS_DEPLOYMENT_TARGET = 17.0;
				MACOSX_DEPLOYMENT_TARGET = 14.0;
				MTL_ENABLE_DEBUG_INFO = INCLUDE_SOURCE;
				MTL_FAST_MATH = YES;
				ONLY_ACTIVE_ARCH = YES;
				PRODUCT_NAME = "$(TARGET_NAME)";
				SWIFT_ACTIVE_COMPILATION_CONDITIONS = DEBUG;
				SWIFT_OPTIMIZATION_LEVEL = "-Onone";
				SWIFT_VERSION = 5.0;
			};
			name = Debug;
		};
		714DCD900C9A8CB856FB8939 /* Debug */ = {
			isa = XCBuildConfiguration;
			buildSettings = {
				ASSETCATALOG_COMPILER_APPICON_NAME = AppIcon;
				CODE_SIGN_ENTITLEMENTS = CodeRelayApp/CodeRelayApp.entitlements;
				CODE_SIGN_IDENTITY = "iPhone Developer";
				CURRENT_PROJECT_VERSION = 183;
				DEVELOPMENT_TEAM = T9WF95GC9T;
				GENERATE_INFOPLIST_FILE = YES;
				INFOPLIST_FILE = CodeRelayApp/Info.plist;
				INFOPLIST_KEY_CFBundleDisplayName = "Code[Relay]";
				INFOPLIST_KEY_NSCameraUsageDescription = "Code[Relay] uses the camera to scan QR codes for session sharing.";
				INFOPLIST_KEY_NSMicrophoneUsageDescription = "Code[Relay] needs microphone access for voice-to-text input.";
				INFOPLIST_KEY_NSSpeechRecognitionUsageDescription = "Code[Relay] uses speech recognition to convert voice input to terminal commands.";
				INFOPLIST_KEY_UIApplicationSceneManifest_Generation = YES;
				INFOPLIST_KEY_UIApplicationSupportsIndirectInputEvents = YES;
				INFOPLIST_KEY_UILaunchScreen_Generation = YES;
				INFOPLIST_KEY_UISupportedInterfaceOrientations_iPad = "UIInterfaceOrientationPortrait UIInterfaceOrientationPortraitUpsideDown UIInterfaceOrientationLandscapeLeft UIInterfaceOrientationLandscapeRight";
				INFOPLIST_KEY_UISupportedInterfaceOrientations_iPhone = "UIInterfaceOrientationPortrait UIInterfaceOrientationLandscapeLeft UIInterfaceOrientationLandscapeRight";
				LD_RUNPATH_SEARCH_PATHS = (
					"$(inherited)",
					"@executable_path/Frameworks",
				);
				MARKETING_VERSION = 1.4.1;
				PRODUCT_BUNDLE_IDENTIFIER = com.claude.relay;
				SDKROOT = iphoneos;
				SUPPORTED_PLATFORMS = "iphonesimulator iphoneos";
				SUPPORTS_MACCATALYST = NO;
				SWIFT_VERSION = 5.9;
				TARGETED_DEVICE_FAMILY = "1,2";
			};
			name = Debug;
		};
		8BC692C2B8D2F10A30F01714 /* Release */ = {
			isa = XCBuildConfiguration;
			buildSettings = {
				ASSETCATALOG_COMPILER_APPICON_NAME = "";
				CODE_SIGN_ENTITLEMENTS = CodeRelayMac/CodeRelayMac.entitlements;
				COMBINE_HIDPI_IMAGES = YES;
				CURRENT_PROJECT_VERSION = 104;
				DEVELOPMENT_TEAM = T9WF95GC9T;
				INFOPLIST_FILE = CodeRelayMac/Info.plist;
				INFOPLIST_KEY_CFBundleDisplayName = "Code[Relay]";
				INFOPLIST_KEY_LSUIElement = NO;
				INFOPLIST_KEY_NSCameraUsageDescription = "Code[Relay] uses the camera to scan QR codes for session sharing.";
				INFOPLIST_KEY_NSMicrophoneUsageDescription = "Code[Relay] needs microphone access for voice-to-text input.";
				LD_RUNPATH_SEARCH_PATHS = (
					"$(inherited)",
					"@executable_path/../Frameworks",
				);
				MACOSX_DEPLOYMENT_TARGET = 14.0;
				MARKETING_VERSION = 1.1.1;
				PRODUCT_BUNDLE_IDENTIFIER = com.claude.relay.mac;
				PRODUCT_NAME = "Code[Relay]";
				SDKROOT = macosx;
				SUPPORTED_PLATFORMS = macosx;
				SWIFT_VERSION = 5.9;
			};
			name = Release;
		};
		BA3B6C5DA28802F6C1E70B0D /* Release */ = {
			isa = XCBuildConfiguration;
			buildSettings = {
				ASSETCATALOG_COMPILER_APPICON_NAME = AppIcon;
				CODE_SIGN_ENTITLEMENTS = CodeRelayApp/CodeRelayApp.entitlements;
				CODE_SIGN_IDENTITY = "iPhone Developer";
				CURRENT_PROJECT_VERSION = 183;
				DEVELOPMENT_TEAM = T9WF95GC9T;
				GENERATE_INFOPLIST_FILE = YES;
				INFOPLIST_FILE = CodeRelayApp/Info.plist;
				INFOPLIST_KEY_CFBundleDisplayName = "Code[Relay]";
				INFOPLIST_KEY_NSCameraUsageDescription = "Code[Relay] uses the camera to scan QR codes for session sharing.";
				INFOPLIST_KEY_NSMicrophoneUsageDescription = "Code[Relay] needs microphone access for voice-to-text input.";
				INFOPLIST_KEY_NSSpeechRecognitionUsageDescription = "Code[Relay] uses speech recognition to convert voice input to terminal commands.";
				INFOPLIST_KEY_UIApplicationSceneManifest_Generation = YES;
				INFOPLIST_KEY_UIApplicationSupportsIndirectInputEvents = YES;
				INFOPLIST_KEY_UILaunchScreen_Generation = YES;
				INFOPLIST_KEY_UISupportedInterfaceOrientations_iPad = "UIInterfaceOrientationPortrait UIInterfaceOrientationPortraitUpsideDown UIInterfaceOrientationLandscapeLeft UIInterfaceOrientationLandscapeRight";
				INFOPLIST_KEY_UISupportedInterfaceOrientations_iPhone = "UIInterfaceOrientationPortrait UIInterfaceOrientationLandscapeLeft UIInterfaceOrientationLandscapeRight";
				LD_RUNPATH_SEARCH_PATHS = (
					"$(inherited)",
					"@executable_path/Frameworks",
				);
				MARKETING_VERSION = 1.4.1;
				PRODUCT_BUNDLE_IDENTIFIER = com.claude.relay;
				SDKROOT = iphoneos;
				SUPPORTED_PLATFORMS = "iphonesimulator iphoneos";
				SUPPORTS_MACCATALYST = NO;
				SWIFT_VERSION = 5.9;
				TARGETED_DEVICE_FAMILY = "1,2";
			};
			name = Release;
		};
		CFE7BD32FDB5C3C3E3B4F9AC /* Debug */ = {
			isa = XCBuildConfiguration;
			buildSettings = {
				BUNDLE_LOADER = "$(TEST_HOST)";
				GENERATE_INFOPLIST_FILE = YES;
				LD_RUNPATH_SEARCH_PATHS = (
					"$(inherited)",
					"@executable_path/Frameworks",
					"@loader_path/Frameworks",
				);
				PRODUCT_BUNDLE_IDENTIFIER = com.claude.relay.tests;
				SDKROOT = iphoneos;
				TARGETED_DEVICE_FAMILY = "1,2";
				TEST_HOST = "$(BUILT_PRODUCTS_DIR)/CodeRelayApp.app/$(BUNDLE_EXECUTABLE_FOLDER_PATH)/CodeRelayApp";
			};
			name = Debug;
		};
		EF7E1A985F039EFFAE0F1646 /* Release */ = {
			isa = XCBuildConfiguration;
			buildSettings = {
				BUNDLE_LOADER = "$(TEST_HOST)";
				COMBINE_HIDPI_IMAGES = YES;
				GENERATE_INFOPLIST_FILE = YES;
				LD_RUNPATH_SEARCH_PATHS = (
					"$(inherited)",
					"@executable_path/../Frameworks",
					"@loader_path/../Frameworks",
				);
				PRODUCT_BUNDLE_IDENTIFIER = com.claude.relay.mac.tests;
				SDKROOT = macosx;
				TEST_HOST = "$(BUILT_PRODUCTS_DIR)/Code[Relay].app/Contents/MacOS/Code[Relay]";
			};
			name = Release;
		};
/* End XCBuildConfiguration section */

/* Begin XCConfigurationList section */
		629FF8DCF3838EC202126631 /* Build configuration list for PBXNativeTarget "CodeRelayAppTests" */ = {
			isa = XCConfigurationList;
			buildConfigurations = (
				CFE7BD32FDB5C3C3E3B4F9AC /* Debug */,
				22E6062A93C75D48EE102BF5 /* Release */,
			);
			defaultConfigurationIsVisible = 0;
			defaultConfigurationName = Debug;
		};
		82829B6439F9B88D2A6DF772 /* Build configuration list for PBXNativeTarget "CodeRelayMac" */ = {
			isa = XCConfigurationList;
			buildConfigurations = (
				132095BEEA2E12C54572148D /* Debug */,
				8BC692C2B8D2F10A30F01714 /* Release */,
			);
			defaultConfigurationIsVisible = 0;
			defaultConfigurationName = Debug;
		};
		C0AB3D2522103AFB3D9030E1 /* Build configuration list for PBXNativeTarget "CodeRelayApp" */ = {
			isa = XCConfigurationList;
			buildConfigurations = (
				714DCD900C9A8CB856FB8939 /* Debug */,
				BA3B6C5DA28802F6C1E70B0D /* Release */,
			);
			defaultConfigurationIsVisible = 0;
			defaultConfigurationName = Debug;
		};
		DBAC3DDEEE05C1859D9F320B /* Build configuration list for PBXProject "CodeRelay" */ = {
			isa = XCConfigurationList;
			buildConfigurations = (
				6539D652BFC6024FC147191D /* Debug */,
				1632CB77586D1DA449923176 /* Release */,
			);
			defaultConfigurationIsVisible = 0;
			defaultConfigurationName = Debug;
		};
		DDAFCF892DB1B18FDAE8A60B /* Build configuration list for PBXNativeTarget "CodeRelayMacTests" */ = {
			isa = XCConfigurationList;
			buildConfigurations = (
				3F5DD38827DC25DAA465FE95 /* Debug */,
				EF7E1A985F039EFFAE0F1646 /* Release */,
			);
			defaultConfigurationIsVisible = 0;
			defaultConfigurationName = Debug;
		};
/* End XCConfigurationList section */

/* Begin XCLocalSwiftPackageReference section */
		F7B86B106C36631C322FFE17 /* XCLocalSwiftPackageReference "." */ = {
			isa = XCLocalSwiftPackageReference;
			relativePath = .;
		};
/* End XCLocalSwiftPackageReference section */

/* Begin XCRemoteSwiftPackageReference section */
		D8258B608542662C308039D3 /* XCRemoteSwiftPackageReference "SwiftTerm" */ = {
			isa = XCRemoteSwiftPackageReference;
			repositoryURL = "https://github.com/migueldeicaza/SwiftTerm.git";
			requirement = {
				kind = upToNextMajorVersion;
				minimumVersion = 1.2.0;
			};
		};
/* End XCRemoteSwiftPackageReference section */

/* Begin XCSwiftPackageProductDependency section */
		177A1547F423385ACD6A5450 /* CodeRelaySpeech */ = {
			isa = XCSwiftPackageProductDependency;
			productName = CodeRelaySpeech;
		};
		32238D67CEB0756F56B3E2C2 /* CodeRelaySpeech */ = {
			isa = XCSwiftPackageProductDependency;
			productName = CodeRelaySpeech;
		};
		813FEDD64E4C31122044AC88 /* CodeRelayClient */ = {
			isa = XCSwiftPackageProductDependency;
			productName = CodeRelayClient;
		};
		91C67EB7E180478C971D296B /* SwiftTerm */ = {
			isa = XCSwiftPackageProductDependency;
			package = D8258B608542662C308039D3 /* XCRemoteSwiftPackageReference "SwiftTerm" */;
			productName = SwiftTerm;
		};
		94E14A8D8A42F96B0E2E0701 /* SwiftTerm */ = {
			isa = XCSwiftPackageProductDependency;
			package = D8258B608542662C308039D3 /* XCRemoteSwiftPackageReference "SwiftTerm" */;
			productName = SwiftTerm;
		};
		C0BA279E101C46CD4C9E8DA0 /* SwiftTerm */ = {
			isa = XCSwiftPackageProductDependency;
			package = D8258B608542662C308039D3 /* XCRemoteSwiftPackageReference "SwiftTerm" */;
			productName = SwiftTerm;
		};
		C73B67C3B1302EB50D05397D /* CodeRelayClient */ = {
			isa = XCSwiftPackageProductDependency;
			productName = CodeRelayClient;
		};
		CB81C989DBD66B9F439A5571 /* CodeRelaySpeech */ = {
			isa = XCSwiftPackageProductDependency;
			productName = CodeRelaySpeech;
		};
		E8C74211FF5057CB56B37194 /* CodeRelayClient */ = {
			isa = XCSwiftPackageProductDependency;
			productName = CodeRelayClient;
		};
		EE82728E904F42A2EBB9F376 /* CodeRelaySpeech */ = {
			isa = XCSwiftPackageProductDependency;
			productName = CodeRelaySpeech;
		};
/* End XCSwiftPackageProductDependency section */
	};
	rootObject = 42136C24086B231CA7DC3694 /* Project object */;
}
